// !$*UTF8*$!
{
	archiveVersion = 1;
	classes = {
	};
	objectVersion = 56;
	objects = {

/* Begin PBXBuildFile section */
		A91E6D292A3A9ECD00CD0034 /* VacuumScene.swift in Sources */ = {isa = PBXBuildFile; fileRef = A91E6D282A3A9ECD00CD0034 /* VacuumScene.swift */; };
		A91E6D2B2A3AAF8800CD0034 /* View+SizePreference.swift in Sources */ = {isa = PBXBuildFile; fileRef = A91E6D2A2A3AAF8800CD0034 /* View+SizePreference.swift */; };
		A91E6D302A3DEC9900CD0034 /* ClothShader.metal in Sources */ = {isa = PBXBuildFile; fileRef = A91E6D2F2A3DEC9900CD0034 /* ClothShader.metal */; };
		A91E6D332A3DECCD00CD0034 /* VacuumRenderer.swift in Sources */ = {isa = PBXBuildFile; fileRef = A91E6D322A3DECCD00CD0034 /* VacuumRenderer.swift */; };
		A91E6D362A40B48600CD0034 /* DetailedPlane.swift in Sources */ = {isa = PBXBuildFile; fileRef = A91E6D352A40B48600CD0034 /* DetailedPlane.swift */; };
		A91E6D552A41DEFC00CD0034 /* Image+MTLTexture.swift in Sources */ = {isa = PBXBuildFile; fileRef = A91E6D532A41DEF800CD0034 /* Image+MTLTexture.swift */; };
		A91E6D592A41F89D00CD0034 /* MTLTypedBuffer.swift in Sources */ = {isa = PBXBuildFile; fileRef = A91E6D582A41F89D00CD0034 /* MTLTypedBuffer.swift */; };
		A91E6D5B2A42010700CD0034 /* View+GlobalFramePreference.swift in Sources */ = {isa = PBXBuildFile; fileRef = A91E6D5A2A42010700CD0034 /* View+GlobalFramePreference.swift */; };
		A924975F2A39E0F900A22B6E /* VacuumApp.swift in Sources */ = {isa = PBXBuildFile; fileRef = A924975A2A39E0F800A22B6E /* VacuumApp.swift */; };
		A92497602A39E0F900A22B6E /* Assets.xcassets in Resources */ = {isa = PBXBuildFile; fileRef = A924975B2A39E0F800A22B6E /* Assets.xcassets */; };
		A92497612A39E0F900A22B6E /* Preview Assets.xcassets in Resources */ = {isa = PBXBuildFile; fileRef = A924975D2A39E0F900A22B6E /* Preview Assets.xcassets */; };
		A92497622A39E0F900A22B6E /* ContentView.swift in Sources */ = {isa = PBXBuildFile; fileRef = A924975E2A39E0F900A22B6E /* ContentView.swift */; };
		A924976B2A3A105300A22B6E /* Components.h in Headers */ = {isa = PBXBuildFile; fileRef = A924976A2A3A105300A22B6E /* Components.h */; settings = {ATTRIBUTES = (Public, ); }; };
		A924976E2A3A105300A22B6E /* Components.framework in Frameworks */ = {isa = PBXBuildFile; fileRef = A92497682A3A105300A22B6E /* Components.framework */; platformFilters = (ios, macos, ); };
		A924976F2A3A105300A22B6E /* Components.framework in Embed Frameworks */ = {isa = PBXBuildFile; fileRef = A92497682A3A105300A22B6E /* Components.framework */; platformFilters = (ios, macos, ); settings = {ATTRIBUTES = (CodeSignOnCopy, RemoveHeadersOnCopy, ); }; };
		A92497742A3A105D00A22B6E /* ImageLoader.swift in Sources */ = {isa = PBXBuildFile; fileRef = A98DFB632A35EE73001630D0 /* ImageLoader.swift */; };
		A92497762A3A10A300A22B6E /* Components.framework in Frameworks */ = {isa = PBXBuildFile; fileRef = A92497682A3A105300A22B6E /* Components.framework */; };
		A92497772A3A10A300A22B6E /* Components.framework in Embed Frameworks */ = {isa = PBXBuildFile; fileRef = A92497682A3A105300A22B6E /* Components.framework */; settings = {ATTRIBUTES = (CodeSignOnCopy, RemoveHeadersOnCopy, ); }; };
		A924977E2A3A142E00A22B6E /* Chunks.swift in Sources */ = {isa = PBXBuildFile; fileRef = A924977D2A3A142E00A22B6E /* Chunks.swift */; };
		A92497802A3A335E00A22B6E /* View+RenderImage.swift in Sources */ = {isa = PBXBuildFile; fileRef = A924977F2A3A335E00A22B6E /* View+RenderImage.swift */; };
		A92497822A3A344600A22B6E /* ScrollView+offset.swift in Sources */ = {isa = PBXBuildFile; fileRef = A92497812A3A344600A22B6E /* ScrollView+offset.swift */; };
		A958D8F22A34E358008C913F /* HeaterApp.swift in Sources */ = {isa = PBXBuildFile; fileRef = A958D8F12A34E358008C913F /* HeaterApp.swift */; };
		A958D8F42A34E358008C913F /* ContentView.swift in Sources */ = {isa = PBXBuildFile; fileRef = A958D8F32A34E358008C913F /* ContentView.swift */; };
		A958D8F62A34E359008C913F /* Assets.xcassets in Resources */ = {isa = PBXBuildFile; fileRef = A958D8F52A34E359008C913F /* Assets.xcassets */; };
		A958D8F92A34E359008C913F /* Preview Assets.xcassets in Resources */ = {isa = PBXBuildFile; fileRef = A958D8F82A34E359008C913F /* Preview Assets.xcassets */; };
		A958D8FD2A34E505008C913F /* LiquidTube.swift in Sources */ = {isa = PBXBuildFile; fileRef = A9396E6E2A320C0E006C8AF9 /* LiquidTube.swift */; };
		A958D8FE2A34E54A008C913F /* Wave.swift in Sources */ = {isa = PBXBuildFile; fileRef = A9F00D672A32DE0B004831F3 /* Wave.swift */; };
		A958D9012A34E59F008C913F /* Liquid.swift in Sources */ = {isa = PBXBuildFile; fileRef = A958D9002A34E59F008C913F /* Liquid.swift */; };
		A958D9092A3500A5008C913F /* StepCarouselApp.swift in Sources */ = {isa = PBXBuildFile; fileRef = A958D9082A3500A5008C913F /* StepCarouselApp.swift */; };
		A958D90B2A3500A5008C913F /* ContentView.swift in Sources */ = {isa = PBXBuildFile; fileRef = A958D90A2A3500A5008C913F /* ContentView.swift */; };
		A958D90D2A3500A7008C913F /* Assets.xcassets in Resources */ = {isa = PBXBuildFile; fileRef = A958D90C2A3500A7008C913F /* Assets.xcassets */; };
		A958D9102A3500A7008C913F /* Preview Assets.xcassets in Resources */ = {isa = PBXBuildFile; fileRef = A958D90F2A3500A7008C913F /* Preview Assets.xcassets */; };
		A95A3B232A4470D000641BF6 /* VacuumMouth.swift in Sources */ = {isa = PBXBuildFile; fileRef = A95A3B222A4470D000641BF6 /* VacuumMouth.swift */; };
		A95A3B252A4470F300641BF6 /* AlbumScreen.swift in Sources */ = {isa = PBXBuildFile; fileRef = A95A3B242A4470F300641BF6 /* AlbumScreen.swift */; };
		A95A3B272A44711700641BF6 /* AlbumGrid.swift in Sources */ = {isa = PBXBuildFile; fileRef = A95A3B262A44711700641BF6 /* AlbumGrid.swift */; };
		A98D727F2A43BBBC003646C8 /* VacuumLayout.swift in Sources */ = {isa = PBXBuildFile; fileRef = A98D727E2A43BBBC003646C8 /* VacuumLayout.swift */; };
		A98D72812A43DF08003646C8 /* Backport.swift in Sources */ = {isa = PBXBuildFile; fileRef = A98D72802A43DF08003646C8 /* Backport.swift */; };
		A98DFB682A361B20001630D0 /* ReviewBody.swift in Sources */ = {isa = PBXBuildFile; fileRef = A98DFB672A361B20001630D0 /* ReviewBody.swift */; };
		A98DFB6A2A361B31001630D0 /* ReviewCarousel.swift in Sources */ = {isa = PBXBuildFile; fileRef = A98DFB692A361B31001630D0 /* ReviewCarousel.swift */; };
		A98DFB6C2A361B73001630D0 /* ReviewCarouselButtonStyle.swift in Sources */ = {isa = PBXBuildFile; fileRef = A98DFB6B2A361B73001630D0 /* ReviewCarouselButtonStyle.swift */; };
		A98DFB6E2A361C78001630D0 /* ProductCarousel.swift in Sources */ = {isa = PBXBuildFile; fileRef = A98DFB6D2A361C78001630D0 /* ProductCarousel.swift */; };
		A98DFB702A361C9F001630D0 /* ProductCard.swift in Sources */ = {isa = PBXBuildFile; fileRef = A98DFB6F2A361C9F001630D0 /* ProductCard.swift */; };
		A98DFB722A361CF8001630D0 /* Data.swift in Sources */ = {isa = PBXBuildFile; fileRef = A98DFB712A361CF8001630D0 /* Data.swift */; };
		A98DFB742A387193001630D0 /* ProductCarouselTransition.swift in Sources */ = {isa = PBXBuildFile; fileRef = A98DFB732A387193001630D0 /* ProductCarouselTransition.swift */; };
		A98DFB7C2A38ADBF001630D0 /* NixieTubeApp.swift in Sources */ = {isa = PBXBuildFile; fileRef = A98DFB7B2A38ADBF001630D0 /* NixieTubeApp.swift */; };
		A98DFB7E2A38ADBF001630D0 /* ContentView.swift in Sources */ = {isa = PBXBuildFile; fileRef = A98DFB7D2A38ADBF001630D0 /* ContentView.swift */; };
		A98DFB802A38ADC1001630D0 /* Assets.xcassets in Resources */ = {isa = PBXBuildFile; fileRef = A98DFB7F2A38ADC1001630D0 /* Assets.xcassets */; };
		A98DFB832A38ADC1001630D0 /* Preview Assets.xcassets in Resources */ = {isa = PBXBuildFile; fileRef = A98DFB822A38ADC1001630D0 /* Preview Assets.xcassets */; };
		A98DFB882A38CCB8001630D0 /* NixieNumber.swift in Sources */ = {isa = PBXBuildFile; fileRef = A98DFB872A38CCB8001630D0 /* NixieNumber.swift */; };
		A9BABFAC2A43438300480EE5 /* CrossPlatform.swift in Sources */ = {isa = PBXBuildFile; fileRef = A9BABFAB2A43438300480EE5 /* CrossPlatform.swift */; };
		A9BABFAE2A4349D900480EE5 /* ShaderDefinitions.h in Headers */ = {isa = PBXBuildFile; fileRef = A91E6D2C2A3BD5D800CD0034 /* ShaderDefinitions.h */; settings = {ATTRIBUTES = (Private, ); }; };
/* End PBXBuildFile section */

/* Begin PBXContainerItemProxy section */
		A924976C2A3A105300A22B6E /* PBXContainerItemProxy */ = {
			isa = PBXContainerItemProxy;
			containerPortal = A9396E532A320B95006C8AF9 /* Project object */;
			proxyType = 1;
			remoteGlobalIDString = A92497672A3A105300A22B6E;
			remoteInfo = Components;
		};
		A92497782A3A10A300A22B6E /* PBXContainerItemProxy */ = {
			isa = PBXContainerItemProxy;
			containerPortal = A9396E532A320B95006C8AF9 /* Project object */;
			proxyType = 1;
			remoteGlobalIDString = A92497672A3A105300A22B6E;
			remoteInfo = Components;
		};
/* End PBXContainerItemProxy section */

/* Begin PBXCopyFilesBuildPhase section */
		A92497732A3A105300A22B6E /* Embed Frameworks */ = {
			isa = PBXCopyFilesBuildPhase;
			buildActionMask = 2147483647;
			dstPath = "";
			dstSubfolderSpec = 10;
			files = (
				A924976F2A3A105300A22B6E /* Components.framework in Embed Frameworks */,
			);
			name = "Embed Frameworks";
			runOnlyForDeploymentPostprocessing = 0;
		};
		A924977A2A3A10A300A22B6E /* Embed Frameworks */ = {
			isa = PBXCopyFilesBuildPhase;
			buildActionMask = 2147483647;
			dstPath = "";
			dstSubfolderSpec = 10;
			files = (
				A92497772A3A10A300A22B6E /* Components.framework in Embed Frameworks */,
			);
			name = "Embed Frameworks";
			runOnlyForDeploymentPostprocessing = 0;
		};
/* End PBXCopyFilesBuildPhase section */

/* Begin PBXFileReference section */
		A91E6D282A3A9ECD00CD0034 /* VacuumScene.swift */ = {isa = PBXFileReference; lastKnownFileType = sourcecode.swift; path = VacuumScene.swift; sourceTree = "<group>"; };
		A91E6D2A2A3AAF8800CD0034 /* View+SizePreference.swift */ = {isa = PBXFileReference; lastKnownFileType = sourcecode.swift; path = "View+SizePreference.swift"; sourceTree = "<group>"; };
		A91E6D2C2A3BD5D800CD0034 /* ShaderDefinitions.h */ = {isa = PBXFileReference; lastKnownFileType = sourcecode.c.h; path = ShaderDefinitions.h; sourceTree = "<group>"; };
		A91E6D2D2A3BD61D00CD0034 /* BridgingHeader.h */ = {isa = PBXFileReference; lastKnownFileType = sourcecode.c.h; path = BridgingHeader.h; sourceTree = "<group>"; };
		A91E6D2F2A3DEC9900CD0034 /* ClothShader.metal */ = {isa = PBXFileReference; lastKnownFileType = sourcecode.metal; path = ClothShader.metal; sourceTree = "<group>"; };
		A91E6D322A3DECCD00CD0034 /* VacuumRenderer.swift */ = {isa = PBXFileReference; lastKnownFileType = sourcecode.swift; path = VacuumRenderer.swift; sourceTree = "<group>"; };
		A91E6D352A40B48600CD0034 /* DetailedPlane.swift */ = {isa = PBXFileReference; lastKnownFileType = sourcecode.swift; path = DetailedPlane.swift; sourceTree = "<group>"; };
		A91E6D532A41DEF800CD0034 /* Image+MTLTexture.swift */ = {isa = PBXFileReference; lastKnownFileType = sourcecode.swift; path = "Image+MTLTexture.swift"; sourceTree = "<group>"; };
		A91E6D582A41F89D00CD0034 /* MTLTypedBuffer.swift */ = {isa = PBXFileReference; lastKnownFileType = sourcecode.swift; path = MTLTypedBuffer.swift; sourceTree = "<group>"; };
		A91E6D5A2A42010700CD0034 /* View+GlobalFramePreference.swift */ = {isa = PBXFileReference; lastKnownFileType = sourcecode.swift; path = "View+GlobalFramePreference.swift"; sourceTree = "<group>"; };
		A924975A2A39E0F800A22B6E /* VacuumApp.swift */ = {isa = PBXFileReference; fileEncoding = 4; lastKnownFileType = sourcecode.swift; path = VacuumApp.swift; sourceTree = "<group>"; };
		A924975B2A39E0F800A22B6E /* Assets.xcassets */ = {isa = PBXFileReference; lastKnownFileType = folder.assetcatalog; path = Assets.xcassets; sourceTree = "<group>"; };
		A924975D2A39E0F900A22B6E /* Preview Assets.xcassets */ = {isa = PBXFileReference; lastKnownFileType = folder.assetcatalog; path = "Preview Assets.xcassets"; sourceTree = "<group>"; };
		A924975E2A39E0F900A22B6E /* ContentView.swift */ = {isa = PBXFileReference; fileEncoding = 4; lastKnownFileType = sourcecode.swift; path = ContentView.swift; sourceTree = "<group>"; };
		A92497682A3A105300A22B6E /* Components.framework */ = {isa = PBXFileReference; explicitFileType = wrapper.framework; includeInIndex = 0; path = Components.framework; sourceTree = BUILT_PRODUCTS_DIR; };
		A924976A2A3A105300A22B6E /* Components.h */ = {isa = PBXFileReference; lastKnownFileType = sourcecode.c.h; path = Components.h; sourceTree = "<group>"; };
		A924977D2A3A142E00A22B6E /* Chunks.swift */ = {isa = PBXFileReference; lastKnownFileType = sourcecode.swift; path = Chunks.swift; sourceTree = "<group>"; };
		A924977F2A3A335E00A22B6E /* View+RenderImage.swift */ = {isa = PBXFileReference; lastKnownFileType = sourcecode.swift; path = "View+RenderImage.swift"; sourceTree = "<group>"; };
		A92497812A3A344600A22B6E /* ScrollView+offset.swift */ = {isa = PBXFileReference; lastKnownFileType = sourcecode.swift; path = "ScrollView+offset.swift"; sourceTree = "<group>"; };
		A9396E6E2A320C0E006C8AF9 /* LiquidTube.swift */ = {isa = PBXFileReference; lastKnownFileType = sourcecode.swift; path = LiquidTube.swift; sourceTree = "<group>"; };
		A958D8EF2A34E358008C913F /* Heater.app */ = {isa = PBXFileReference; explicitFileType = wrapper.application; includeInIndex = 0; path = Heater.app; sourceTree = BUILT_PRODUCTS_DIR; };
		A958D8F12A34E358008C913F /* HeaterApp.swift */ = {isa = PBXFileReference; lastKnownFileType = sourcecode.swift; path = HeaterApp.swift; sourceTree = "<group>"; };
		A958D8F32A34E358008C913F /* ContentView.swift */ = {isa = PBXFileReference; lastKnownFileType = sourcecode.swift; path = ContentView.swift; sourceTree = "<group>"; };
		A958D8F52A34E359008C913F /* Assets.xcassets */ = {isa = PBXFileReference; lastKnownFileType = folder.assetcatalog; path = Assets.xcassets; sourceTree = "<group>"; };
		A958D8F82A34E359008C913F /* Preview Assets.xcassets */ = {isa = PBXFileReference; lastKnownFileType = folder.assetcatalog; path = "Preview Assets.xcassets"; sourceTree = "<group>"; };
		A958D9002A34E59F008C913F /* Liquid.swift */ = {isa = PBXFileReference; lastKnownFileType = sourcecode.swift; path = Liquid.swift; sourceTree = "<group>"; };
		A958D9062A3500A5008C913F /* StepCarousel.app */ = {isa = PBXFileReference; explicitFileType = wrapper.application; includeInIndex = 0; path = StepCarousel.app; sourceTree = BUILT_PRODUCTS_DIR; };
		A958D9082A3500A5008C913F /* StepCarouselApp.swift */ = {isa = PBXFileReference; lastKnownFileType = sourcecode.swift; path = StepCarouselApp.swift; sourceTree = "<group>"; };
		A958D90A2A3500A5008C913F /* ContentView.swift */ = {isa = PBXFileReference; lastKnownFileType = sourcecode.swift; path = ContentView.swift; sourceTree = "<group>"; };
		A958D90C2A3500A7008C913F /* Assets.xcassets */ = {isa = PBXFileReference; lastKnownFileType = folder.assetcatalog; path = Assets.xcassets; sourceTree = "<group>"; };
		A958D90F2A3500A7008C913F /* Preview Assets.xcassets */ = {isa = PBXFileReference; lastKnownFileType = folder.assetcatalog; path = "Preview Assets.xcassets"; sourceTree = "<group>"; };
		A95A3B222A4470D000641BF6 /* VacuumMouth.swift */ = {isa = PBXFileReference; lastKnownFileType = sourcecode.swift; path = VacuumMouth.swift; sourceTree = "<group>"; };
		A95A3B242A4470F300641BF6 /* AlbumScreen.swift */ = {isa = PBXFileReference; lastKnownFileType = sourcecode.swift; path = AlbumScreen.swift; sourceTree = "<group>"; };
		A95A3B262A44711700641BF6 /* AlbumGrid.swift */ = {isa = PBXFileReference; lastKnownFileType = sourcecode.swift; path = AlbumGrid.swift; sourceTree = "<group>"; };
		A98D727E2A43BBBC003646C8 /* VacuumLayout.swift */ = {isa = PBXFileReference; lastKnownFileType = sourcecode.swift; path = VacuumLayout.swift; sourceTree = "<group>"; };
		A98D72802A43DF08003646C8 /* Backport.swift */ = {isa = PBXFileReference; lastKnownFileType = sourcecode.swift; path = Backport.swift; sourceTree = "<group>"; };
		A98DFB632A35EE73001630D0 /* ImageLoader.swift */ = {isa = PBXFileReference; lastKnownFileType = sourcecode.swift; path = ImageLoader.swift; sourceTree = "<group>"; };
		A98DFB672A361B20001630D0 /* ReviewBody.swift */ = {isa = PBXFileReference; lastKnownFileType = sourcecode.swift; path = ReviewBody.swift; sourceTree = "<group>"; };
		A98DFB692A361B31001630D0 /* ReviewCarousel.swift */ = {isa = PBXFileReference; lastKnownFileType = sourcecode.swift; path = ReviewCarousel.swift; sourceTree = "<group>"; };
		A98DFB6B2A361B73001630D0 /* ReviewCarouselButtonStyle.swift */ = {isa = PBXFileReference; lastKnownFileType = sourcecode.swift; path = ReviewCarouselButtonStyle.swift; sourceTree = "<group>"; };
		A98DFB6D2A361C78001630D0 /* ProductCarousel.swift */ = {isa = PBXFileReference; lastKnownFileType = sourcecode.swift; path = ProductCarousel.swift; sourceTree = "<group>"; };
		A98DFB6F2A361C9F001630D0 /* ProductCard.swift */ = {isa = PBXFileReference; lastKnownFileType = sourcecode.swift; path = ProductCard.swift; sourceTree = "<group>"; };
		A98DFB712A361CF8001630D0 /* Data.swift */ = {isa = PBXFileReference; lastKnownFileType = sourcecode.swift; path = Data.swift; sourceTree = "<group>"; };
		A98DFB732A387193001630D0 /* ProductCarouselTransition.swift */ = {isa = PBXFileReference; lastKnownFileType = sourcecode.swift; path = ProductCarouselTransition.swift; sourceTree = "<group>"; };
		A98DFB792A38ADBF001630D0 /* NixieTube.app */ = {isa = PBXFileReference; explicitFileType = wrapper.application; includeInIndex = 0; path = NixieTube.app; sourceTree = BUILT_PRODUCTS_DIR; };
		A98DFB7B2A38ADBF001630D0 /* NixieTubeApp.swift */ = {isa = PBXFileReference; lastKnownFileType = sourcecode.swift; path = NixieTubeApp.swift; sourceTree = "<group>"; };
		A98DFB7D2A38ADBF001630D0 /* ContentView.swift */ = {isa = PBXFileReference; lastKnownFileType = sourcecode.swift; path = ContentView.swift; sourceTree = "<group>"; };
		A98DFB7F2A38ADC1001630D0 /* Assets.xcassets */ = {isa = PBXFileReference; lastKnownFileType = folder.assetcatalog; path = Assets.xcassets; sourceTree = "<group>"; };
		A98DFB822A38ADC1001630D0 /* Preview Assets.xcassets */ = {isa = PBXFileReference; lastKnownFileType = folder.assetcatalog; path = "Preview Assets.xcassets"; sourceTree = "<group>"; };
		A98DFB872A38CCB8001630D0 /* NixieNumber.swift */ = {isa = PBXFileReference; lastKnownFileType = sourcecode.swift; path = NixieNumber.swift; sourceTree = "<group>"; };
		A98DFB8D2A39D106001630D0 /* Vacuum.app */ = {isa = PBXFileReference; explicitFileType = wrapper.application; includeInIndex = 0; path = Vacuum.app; sourceTree = BUILT_PRODUCTS_DIR; };
		A9BABFAB2A43438300480EE5 /* CrossPlatform.swift */ = {isa = PBXFileReference; lastKnownFileType = sourcecode.swift; path = CrossPlatform.swift; sourceTree = "<group>"; };
		A9F00D672A32DE0B004831F3 /* Wave.swift */ = {isa = PBXFileReference; lastKnownFileType = sourcecode.swift; path = Wave.swift; sourceTree = "<group>"; };
/* End PBXFileReference section */

/* Begin PBXFrameworksBuildPhase section */
		A92497652A3A105300A22B6E /* Frameworks */ = {
			isa = PBXFrameworksBuildPhase;
			buildActionMask = 2147483647;
			files = (
			);
			runOnlyForDeploymentPostprocessing = 0;
		};
		A958D8EC2A34E358008C913F /* Frameworks */ = {
			isa = PBXFrameworksBuildPhase;
			buildActionMask = 2147483647;
			files = (
			);
			runOnlyForDeploymentPostprocessing = 0;
		};
		A958D9032A3500A5008C913F /* Frameworks */ = {
			isa = PBXFrameworksBuildPhase;
			buildActionMask = 2147483647;
			files = (
				A92497762A3A10A300A22B6E /* Components.framework in Frameworks */,
			);
			runOnlyForDeploymentPostprocessing = 0;
		};
		A98DFB762A38ADBF001630D0 /* Frameworks */ = {
			isa = PBXFrameworksBuildPhase;
			buildActionMask = 2147483647;
			files = (
			);
			runOnlyForDeploymentPostprocessing = 0;
		};
		A98DFB8A2A39D106001630D0 /* Frameworks */ = {
			isa = PBXFrameworksBuildPhase;
			buildActionMask = 2147483647;
			files = (
				A924976E2A3A105300A22B6E /* Components.framework in Frameworks */,
			);
			runOnlyForDeploymentPostprocessing = 0;
		};
/* End PBXFrameworksBuildPhase section */

/* Begin PBXGroup section */
		A91E6D312A3DECBE00CD0034 /* VacuumScene */ = {
			isa = PBXGroup;
			children = (
				A91E6D532A41DEF800CD0034 /* Image+MTLTexture.swift */,
				A91E6D2F2A3DEC9900CD0034 /* ClothShader.metal */,
				A91E6D2C2A3BD5D800CD0034 /* ShaderDefinitions.h */,
				A91E6D282A3A9ECD00CD0034 /* VacuumScene.swift */,
				A91E6D322A3DECCD00CD0034 /* VacuumRenderer.swift */,
				A91E6D352A40B48600CD0034 /* DetailedPlane.swift */,
				A91E6D582A41F89D00CD0034 /* MTLTypedBuffer.swift */,
			);
			path = VacuumScene;
			sourceTree = "<group>";
		};
		A92497592A39E0F800A22B6E /* Vacuum */ = {
			isa = PBXGroup;
			children = (
				A98D727D2A43BB98003646C8 /* Views */,
				A91E6D312A3DECBE00CD0034 /* VacuumScene */,
				A924975A2A39E0F800A22B6E /* VacuumApp.swift */,
				A924975B2A39E0F800A22B6E /* Assets.xcassets */,
				A924975C2A39E0F900A22B6E /* Preview Content */,
				A924975E2A39E0F900A22B6E /* ContentView.swift */,
				A91E6D2D2A3BD61D00CD0034 /* BridgingHeader.h */,
			);
			path = Vacuum;
			sourceTree = "<group>";
		};
		A924975C2A39E0F900A22B6E /* Preview Content */ = {
			isa = PBXGroup;
			children = (
				A924975D2A39E0F900A22B6E /* Preview Assets.xcassets */,
			);
			path = "Preview Content";
			sourceTree = "<group>";
		};
		A92497692A3A105300A22B6E /* Components */ = {
			isa = PBXGroup;
			children = (
				A98DFB632A35EE73001630D0 /* ImageLoader.swift */,
				A924976A2A3A105300A22B6E /* Components.h */,
				A924977D2A3A142E00A22B6E /* Chunks.swift */,
				A924977F2A3A335E00A22B6E /* View+RenderImage.swift */,
				A92497812A3A344600A22B6E /* ScrollView+offset.swift */,
				A91E6D2A2A3AAF8800CD0034 /* View+SizePreference.swift */,
				A91E6D5A2A42010700CD0034 /* View+GlobalFramePreference.swift */,
				A9BABFAB2A43438300480EE5 /* CrossPlatform.swift */,
				A98D72802A43DF08003646C8 /* Backport.swift */,
			);
			path = Components;
			sourceTree = "<group>";
		};
		A92497752A3A10A300A22B6E /* Frameworks */ = {
			isa = PBXGroup;
			children = (
			);
			name = Frameworks;
			sourceTree = "<group>";
		};
		A9396E522A320B95006C8AF9 = {
			isa = PBXGroup;
			children = (
				A92497592A39E0F800A22B6E /* Vacuum */,
				A958D8F02A34E358008C913F /* Heater */,
				A958D9072A3500A5008C913F /* StepCarousel */,
				A98DFB7A2A38ADBF001630D0 /* NixieTube */,
				A92497692A3A105300A22B6E /* Components */,
				A9396E5C2A320B95006C8AF9 /* Products */,
				A92497752A3A10A300A22B6E /* Frameworks */,
			);
			sourceTree = "<group>";
		};
		A9396E5C2A320B95006C8AF9 /* Products */ = {
			isa = PBXGroup;
			children = (
				A958D8EF2A34E358008C913F /* Heater.app */,
				A958D9062A3500A5008C913F /* StepCarousel.app */,
				A98DFB792A38ADBF001630D0 /* NixieTube.app */,
				A98DFB8D2A39D106001630D0 /* Vacuum.app */,
				A92497682A3A105300A22B6E /* Components.framework */,
			);
			name = Products;
			sourceTree = "<group>";
		};
		A958D8F02A34E358008C913F /* Heater */ = {
			isa = PBXGroup;
			children = (
				A958D8FF2A34E552008C913F /* Views */,
				A958D8F12A34E358008C913F /* HeaterApp.swift */,
				A958D8F32A34E358008C913F /* ContentView.swift */,
				A958D8F52A34E359008C913F /* Assets.xcassets */,
				A958D8F72A34E359008C913F /* Preview Content */,
			);
			path = Heater;
			sourceTree = "<group>";
		};
		A958D8F72A34E359008C913F /* Preview Content */ = {
			isa = PBXGroup;
			children = (
				A958D8F82A34E359008C913F /* Preview Assets.xcassets */,
			);
			path = "Preview Content";
			sourceTree = "<group>";
		};
		A958D8FF2A34E552008C913F /* Views */ = {
			isa = PBXGroup;
			children = (
				A9F00D672A32DE0B004831F3 /* Wave.swift */,
				A9396E6E2A320C0E006C8AF9 /* LiquidTube.swift */,
				A958D9002A34E59F008C913F /* Liquid.swift */,
			);
			path = Views;
			sourceTree = "<group>";
		};
		A958D9072A3500A5008C913F /* StepCarousel */ = {
			isa = PBXGroup;
			children = (
				A958D9142A3500CA008C913F /* Views */,
				A958D9082A3500A5008C913F /* StepCarouselApp.swift */,
				A958D90A2A3500A5008C913F /* ContentView.swift */,
				A958D90C2A3500A7008C913F /* Assets.xcassets */,
				A958D90E2A3500A7008C913F /* Preview Content */,
				A98DFB712A361CF8001630D0 /* Data.swift */,
			);
			path = StepCarousel;
			sourceTree = "<group>";
		};
		A958D90E2A3500A7008C913F /* Preview Content */ = {
			isa = PBXGroup;
			children = (
				A958D90F2A3500A7008C913F /* Preview Assets.xcassets */,
			);
			path = "Preview Content";
			sourceTree = "<group>";
		};
		A958D9142A3500CA008C913F /* Views */ = {
			isa = PBXGroup;
			children = (
				A98DFB672A361B20001630D0 /* ReviewBody.swift */,
				A98DFB692A361B31001630D0 /* ReviewCarousel.swift */,
				A98DFB6B2A361B73001630D0 /* ReviewCarouselButtonStyle.swift */,
				A98DFB6D2A361C78001630D0 /* ProductCarousel.swift */,
				A98DFB6F2A361C9F001630D0 /* ProductCard.swift */,
				A98DFB732A387193001630D0 /* ProductCarouselTransition.swift */,
			);
			path = Views;
			sourceTree = "<group>";
		};
		A98D727D2A43BB98003646C8 /* Views */ = {
			isa = PBXGroup;
			children = (
				A98D727E2A43BBBC003646C8 /* VacuumLayout.swift */,
				A95A3B222A4470D000641BF6 /* VacuumMouth.swift */,
				A95A3B242A4470F300641BF6 /* AlbumScreen.swift */,
				A95A3B262A44711700641BF6 /* AlbumGrid.swift */,
			);
			path = Views;
			sourceTree = "<group>";
		};
		A98DFB7A2A38ADBF001630D0 /* NixieTube */ = {
			isa = PBXGroup;
			children = (
				A98DFB7B2A38ADBF001630D0 /* NixieTubeApp.swift */,
				A98DFB7D2A38ADBF001630D0 /* ContentView.swift */,
				A98DFB7F2A38ADC1001630D0 /* Assets.xcassets */,
				A98DFB812A38ADC1001630D0 /* Preview Content */,
				A98DFB872A38CCB8001630D0 /* NixieNumber.swift */,
			);
			path = NixieTube;
			sourceTree = "<group>";
		};
		A98DFB812A38ADC1001630D0 /* Preview Content */ = {
			isa = PBXGroup;
			children = (
				A98DFB822A38ADC1001630D0 /* Preview Assets.xcassets */,
			);
			path = "Preview Content";
			sourceTree = "<group>";
		};
/* End PBXGroup section */

/* Begin PBXHeadersBuildPhase section */
		A92497632A3A105300A22B6E /* Headers */ = {
			isa = PBXHeadersBuildPhase;
			buildActionMask = 2147483647;
			files = (
				A924976B2A3A105300A22B6E /* Components.h in Headers */,
			);
			runOnlyForDeploymentPostprocessing = 0;
		};
		A9BABFAD2A4349D200480EE5 /* Headers */ = {
			isa = PBXHeadersBuildPhase;
			buildActionMask = 2147483647;
			files = (
				A9BABFAE2A4349D900480EE5 /* ShaderDefinitions.h in Headers */,
			);
			runOnlyForDeploymentPostprocessing = 0;
		};
/* End PBXHeadersBuildPhase section */

/* Begin PBXNativeTarget section */
		A92497672A3A105300A22B6E /* Components */ = {
			isa = PBXNativeTarget;
			buildConfigurationList = A92497702A3A105300A22B6E /* Build configuration list for PBXNativeTarget "Components" */;
			buildPhases = (
				A92497632A3A105300A22B6E /* Headers */,
				A92497642A3A105300A22B6E /* Sources */,
				A92497652A3A105300A22B6E /* Frameworks */,
				A92497662A3A105300A22B6E /* Resources */,
			);
			buildRules = (
			);
			dependencies = (
			);
			name = Components;
			productName = Components;
			productReference = A92497682A3A105300A22B6E /* Components.framework */;
			productType = "com.apple.product-type.framework";
		};
		A958D8EE2A34E358008C913F /* Heater */ = {
			isa = PBXNativeTarget;
			buildConfigurationList = A958D8FC2A34E359008C913F /* Build configuration list for PBXNativeTarget "Heater" */;
			buildPhases = (
				A958D8EB2A34E358008C913F /* Sources */,
				A958D8EC2A34E358008C913F /* Frameworks */,
				A958D8ED2A34E358008C913F /* Resources */,
			);
			buildRules = (
			);
			dependencies = (
			);
			name = Heater;
			productName = Heater;
			productReference = A958D8EF2A34E358008C913F /* Heater.app */;
			productType = "com.apple.product-type.application";
		};
		A958D9052A3500A5008C913F /* StepCarousel */ = {
			isa = PBXNativeTarget;
			buildConfigurationList = A958D9112A3500A7008C913F /* Build configuration list for PBXNativeTarget "StepCarousel" */;
			buildPhases = (
				A958D9022A3500A5008C913F /* Sources */,
				A958D9032A3500A5008C913F /* Frameworks */,
				A958D9042A3500A5008C913F /* Resources */,
				A924977A2A3A10A300A22B6E /* Embed Frameworks */,
			);
			buildRules = (
			);
			dependencies = (
				A92497792A3A10A300A22B6E /* PBXTargetDependency */,
			);
			name = StepCarousel;
			productName = StepCarousel;
			productReference = A958D9062A3500A5008C913F /* StepCarousel.app */;
			productType = "com.apple.product-type.application";
		};
		A98DFB782A38ADBF001630D0 /* NixieTube */ = {
			isa = PBXNativeTarget;
			buildConfigurationList = A98DFB862A38ADC1001630D0 /* Build configuration list for PBXNativeTarget "NixieTube" */;
			buildPhases = (
				A98DFB752A38ADBF001630D0 /* Sources */,
				A98DFB762A38ADBF001630D0 /* Frameworks */,
				A98DFB772A38ADBF001630D0 /* Resources */,
			);
			buildRules = (
			);
			dependencies = (
			);
			name = NixieTube;
			productName = NixieTube;
			productReference = A98DFB792A38ADBF001630D0 /* NixieTube.app */;
			productType = "com.apple.product-type.application";
		};
		A98DFB8C2A39D106001630D0 /* Vacuum */ = {
			isa = PBXNativeTarget;
			buildConfigurationList = A98DFB982A39D109001630D0 /* Build configuration list for PBXNativeTarget "Vacuum" */;
			buildPhases = (
				A9BABFAD2A4349D200480EE5 /* Headers */,
				A98DFB892A39D106001630D0 /* Sources */,
				A98DFB8A2A39D106001630D0 /* Frameworks */,
				A98DFB8B2A39D106001630D0 /* Resources */,
				A92497732A3A105300A22B6E /* Embed Frameworks */,
			);
			buildRules = (
			);
			dependencies = (
				A924976D2A3A105300A22B6E /* PBXTargetDependency */,
			);
			name = Vacuum;
			productName = Wallet;
			productReference = A98DFB8D2A39D106001630D0 /* Vacuum.app */;
			productType = "com.apple.product-type.application";
		};
/* End PBXNativeTarget section */

/* Begin PBXProject section */
		A9396E532A320B95006C8AF9 /* Project object */ = {
			isa = PBXProject;
			attributes = {
				BuildIndependentTargetsInParallel = 1;
				LastSwiftUpdateCheck = 1430;
				LastUpgradeCheck = 1410;
				TargetAttributes = {
					A92497672A3A105300A22B6E = {
						CreatedOnToolsVersion = 14.3.1;
					};
					A958D8EE2A34E358008C913F = {
						CreatedOnToolsVersion = 14.3.1;
					};
					A958D9052A3500A5008C913F = {
						CreatedOnToolsVersion = 14.3.1;
					};
					A98DFB782A38ADBF001630D0 = {
						CreatedOnToolsVersion = 14.3.1;
					};
					A98DFB8C2A39D106001630D0 = {
						CreatedOnToolsVersion = 14.3.1;
					};
				};
			};
			buildConfigurationList = A9396E562A320B95006C8AF9 /* Build configuration list for PBXProject "SwiftUIBits" */;
			compatibilityVersion = "Xcode 14.0";
			developmentRegion = en;
			hasScannedForEncodings = 0;
			knownRegions = (
				en,
				Base,
			);
			mainGroup = A9396E522A320B95006C8AF9;
			productRefGroup = A9396E5C2A320B95006C8AF9 /* Products */;
			projectDirPath = "";
			projectRoot = "";
			targets = (
				A958D8EE2A34E358008C913F /* Heater */,
				A958D9052A3500A5008C913F /* StepCarousel */,
				A98DFB782A38ADBF001630D0 /* NixieTube */,
				A98DFB8C2A39D106001630D0 /* Vacuum */,
				A92497672A3A105300A22B6E /* Components */,
			);
		};
/* End PBXProject section */

/* Begin PBXResourcesBuildPhase section */
		A92497662A3A105300A22B6E /* Resources */ = {
			isa = PBXResourcesBuildPhase;
			buildActionMask = 2147483647;
			files = (
			);
			runOnlyForDeploymentPostprocessing = 0;
		};
		A958D8ED2A34E358008C913F /* Resources */ = {
			isa = PBXResourcesBuildPhase;
			buildActionMask = 2147483647;
			files = (
				A958D8F92A34E359008C913F /* Preview Assets.xcassets in Resources */,
				A958D8F62A34E359008C913F /* Assets.xcassets in Resources */,
			);
			runOnlyForDeploymentPostprocessing = 0;
		};
		A958D9042A3500A5008C913F /* Resources */ = {
			isa = PBXResourcesBuildPhase;
			buildActionMask = 2147483647;
			files = (
				A958D9102A3500A7008C913F /* Preview Assets.xcassets in Resources */,
				A958D90D2A3500A7008C913F /* Assets.xcassets in Resources */,
			);
			runOnlyForDeploymentPostprocessing = 0;
		};
		A98DFB772A38ADBF001630D0 /* Resources */ = {
			isa = PBXResourcesBuildPhase;
			buildActionMask = 2147483647;
			files = (
				A98DFB832A38ADC1001630D0 /* Preview Assets.xcassets in Resources */,
				A98DFB802A38ADC1001630D0 /* Assets.xcassets in Resources */,
			);
			runOnlyForDeploymentPostprocessing = 0;
		};
		A98DFB8B2A39D106001630D0 /* Resources */ = {
			isa = PBXResourcesBuildPhase;
			buildActionMask = 2147483647;
			files = (
				A92497612A39E0F900A22B6E /* Preview Assets.xcassets in Resources */,
				A92497602A39E0F900A22B6E /* Assets.xcassets in Resources */,
			);
			runOnlyForDeploymentPostprocessing = 0;
		};
/* End PBXResourcesBuildPhase section */

/* Begin PBXSourcesBuildPhase section */
		A92497642A3A105300A22B6E /* Sources */ = {
			isa = PBXSourcesBuildPhase;
			buildActionMask = 2147483647;
			files = (
				A9BABFAC2A43438300480EE5 /* CrossPlatform.swift in Sources */,
				A91E6D2B2A3AAF8800CD0034 /* View+SizePreference.swift in Sources */,
				A92497742A3A105D00A22B6E /* ImageLoader.swift in Sources */,
				A92497802A3A335E00A22B6E /* View+RenderImage.swift in Sources */,
				A92497822A3A344600A22B6E /* ScrollView+offset.swift in Sources */,
				A91E6D5B2A42010700CD0034 /* View+GlobalFramePreference.swift in Sources */,
				A924977E2A3A142E00A22B6E /* Chunks.swift in Sources */,
				A98D72812A43DF08003646C8 /* Backport.swift in Sources */,
			);
			runOnlyForDeploymentPostprocessing = 0;
		};
		A958D8EB2A34E358008C913F /* Sources */ = {
			isa = PBXSourcesBuildPhase;
			buildActionMask = 2147483647;
			files = (
				A958D8FE2A34E54A008C913F /* Wave.swift in Sources */,
				A958D9012A34E59F008C913F /* Liquid.swift in Sources */,
				A958D8FD2A34E505008C913F /* LiquidTube.swift in Sources */,
				A958D8F42A34E358008C913F /* ContentView.swift in Sources */,
				A958D8F22A34E358008C913F /* HeaterApp.swift in Sources */,
			);
			runOnlyForDeploymentPostprocessing = 0;
		};
		A958D9022A3500A5008C913F /* Sources */ = {
			isa = PBXSourcesBuildPhase;
			buildActionMask = 2147483647;
			files = (
				A98DFB722A361CF8001630D0 /* Data.swift in Sources */,
				A958D90B2A3500A5008C913F /* ContentView.swift in Sources */,
				A98DFB742A387193001630D0 /* ProductCarouselTransition.swift in Sources */,
				A98DFB682A361B20001630D0 /* ReviewBody.swift in Sources */,
				A958D9092A3500A5008C913F /* StepCarouselApp.swift in Sources */,
				A98DFB702A361C9F001630D0 /* ProductCard.swift in Sources */,
				A98DFB6C2A361B73001630D0 /* ReviewCarouselButtonStyle.swift in Sources */,
				A98DFB6A2A361B31001630D0 /* ReviewCarousel.swift in Sources */,
				A98DFB6E2A361C78001630D0 /* ProductCarousel.swift in Sources */,
			);
			runOnlyForDeploymentPostprocessing = 0;
		};
		A98DFB752A38ADBF001630D0 /* Sources */ = {
			isa = PBXSourcesBuildPhase;
			buildActionMask = 2147483647;
			files = (
				A98DFB7E2A38ADBF001630D0 /* ContentView.swift in Sources */,
				A98DFB7C2A38ADBF001630D0 /* NixieTubeApp.swift in Sources */,
				A98DFB882A38CCB8001630D0 /* NixieNumber.swift in Sources */,
			);
			runOnlyForDeploymentPostprocessing = 0;
		};
		A98DFB892A39D106001630D0 /* Sources */ = {
			isa = PBXSourcesBuildPhase;
			buildActionMask = 2147483647;
			files = (
				A92497622A39E0F900A22B6E /* ContentView.swift in Sources */,
				A95A3B252A4470F300641BF6 /* AlbumScreen.swift in Sources */,
				A91E6D362A40B48600CD0034 /* DetailedPlane.swift in Sources */,
				A91E6D592A41F89D00CD0034 /* MTLTypedBuffer.swift in Sources */,
				A91E6D552A41DEFC00CD0034 /* Image+MTLTexture.swift in Sources */,
				A91E6D302A3DEC9900CD0034 /* ClothShader.metal in Sources */,
				A924975F2A39E0F900A22B6E /* VacuumApp.swift in Sources */,
				A95A3B232A4470D000641BF6 /* VacuumMouth.swift in Sources */,
				A91E6D292A3A9ECD00CD0034 /* VacuumScene.swift in Sources */,
				A98D727F2A43BBBC003646C8 /* VacuumLayout.swift in Sources */,
				A95A3B272A44711700641BF6 /* AlbumGrid.swift in Sources */,
				A91E6D332A3DECCD00CD0034 /* VacuumRenderer.swift in Sources */,
			);
			runOnlyForDeploymentPostprocessing = 0;
		};
/* End PBXSourcesBuildPhase section */

/* Begin PBXTargetDependency section */
		A924976D2A3A105300A22B6E /* PBXTargetDependency */ = {
			isa = PBXTargetDependency;
			platformFilters = (
				ios,
				macos,
			);
			target = A92497672A3A105300A22B6E /* Components */;
			targetProxy = A924976C2A3A105300A22B6E /* PBXContainerItemProxy */;
		};
		A92497792A3A10A300A22B6E /* PBXTargetDependency */ = {
			isa = PBXTargetDependency;
			target = A92497672A3A105300A22B6E /* Components */;
			targetProxy = A92497782A3A10A300A22B6E /* PBXContainerItemProxy */;
		};
/* End PBXTargetDependency section */

/* Begin XCBuildConfiguration section */
		A92497712A3A105300A22B6E /* Debug */ = {
			isa = XCBuildConfiguration;
			buildSettings = {
				CODE_SIGN_STYLE = Automatic;
				CURRENT_PROJECT_VERSION = 1;
				DEFINES_MODULE = YES;
				DEVELOPMENT_TEAM = 8STHWE4QY7;
				DYLIB_COMPATIBILITY_VERSION = 1;
				DYLIB_CURRENT_VERSION = 1;
				DYLIB_INSTALL_NAME_BASE = "@rpath";
				ENABLE_MODULE_VERIFIER = YES;
				GENERATE_INFOPLIST_FILE = YES;
				INFOPLIST_KEY_NSHumanReadableCopyright = "";
				INSTALL_PATH = "$(LOCAL_LIBRARY_DIR)/Frameworks";
				IPHONEOS_DEPLOYMENT_TARGET = 14.0;
				LD_RUNPATH_SEARCH_PATHS = (
					"$(inherited)",
					"@executable_path/Frameworks",
					"@loader_path/Frameworks",
				);
				MACOSX_DEPLOYMENT_TARGET = 11.0;
				MARKETING_VERSION = 1.0;
				MODULE_VERIFIER_SUPPORTED_LANGUAGES = "objective-c objective-c++";
				MODULE_VERIFIER_SUPPORTED_LANGUAGE_STANDARDS = "gnu11 gnu++20";
				PRODUCT_BUNDLE_IDENTIFIER = io.umurgdk.swiftuibits.Components;
				PRODUCT_NAME = "$(TARGET_NAME:c99extidentifier)";
				SDKROOT = iphoneos;
				SKIP_INSTALL = YES;
				SUPPORTED_PLATFORMS = "iphoneos iphonesimulator macosx";
				SUPPORTS_MACCATALYST = YES;
				SUPPORTS_MAC_DESIGNED_FOR_IPHONE_IPAD = YES;
				SWIFT_EMIT_LOC_STRINGS = YES;
				SWIFT_VERSION = 5.0;
				TARGETED_DEVICE_FAMILY = "1,2";
				VERSIONING_SYSTEM = "apple-generic";
				VERSION_INFO_PREFIX = "";
			};
			name = Debug;
		};
		A92497722A3A105300A22B6E /* Release */ = {
			isa = XCBuildConfiguration;
			buildSettings = {
				CODE_SIGN_STYLE = Automatic;
				CURRENT_PROJECT_VERSION = 1;
				DEFINES_MODULE = YES;
				DEVELOPMENT_TEAM = 8STHWE4QY7;
				DYLIB_COMPATIBILITY_VERSION = 1;
				DYLIB_CURRENT_VERSION = 1;
				DYLIB_INSTALL_NAME_BASE = "@rpath";
				ENABLE_MODULE_VERIFIER = YES;
				GENERATE_INFOPLIST_FILE = YES;
				INFOPLIST_KEY_NSHumanReadableCopyright = "";
				INSTALL_PATH = "$(LOCAL_LIBRARY_DIR)/Frameworks";
				IPHONEOS_DEPLOYMENT_TARGET = 14.0;
				LD_RUNPATH_SEARCH_PATHS = (
					"$(inherited)",
					"@executable_path/Frameworks",
					"@loader_path/Frameworks",
				);
				MACOSX_DEPLOYMENT_TARGET = 11.0;
				MARKETING_VERSION = 1.0;
				MODULE_VERIFIER_SUPPORTED_LANGUAGES = "objective-c objective-c++";
				MODULE_VERIFIER_SUPPORTED_LANGUAGE_STANDARDS = "gnu11 gnu++20";
				PRODUCT_BUNDLE_IDENTIFIER = io.umurgdk.swiftuibits.Components;
				PRODUCT_NAME = "$(TARGET_NAME:c99extidentifier)";
				SDKROOT = iphoneos;
				SKIP_INSTALL = YES;
				SUPPORTED_PLATFORMS = "iphoneos iphonesimulator macosx";
				SUPPORTS_MACCATALYST = YES;
				SUPPORTS_MAC_DESIGNED_FOR_IPHONE_IPAD = YES;
				SWIFT_EMIT_LOC_STRINGS = YES;
				SWIFT_VERSION = 5.0;
				TARGETED_DEVICE_FAMILY = "1,2";
				VALIDATE_PRODUCT = YES;
				VERSIONING_SYSTEM = "apple-generic";
				VERSION_INFO_PREFIX = "";
			};
			name = Release;
		};
		A9396E682A320B96006C8AF9 /* Debug */ = {
			isa = XCBuildConfiguration;
			buildSettings = {
				ALWAYS_SEARCH_USER_PATHS = NO;
				CLANG_ANALYZER_NONNULL = YES;
				CLANG_ANALYZER_NUMBER_OBJECT_CONVERSION = YES_AGGRESSIVE;
				CLANG_CXX_LANGUAGE_STANDARD = "gnu++20";
				CLANG_ENABLE_MODULES = YES;
				CLANG_ENABLE_OBJC_ARC = YES;
				CLANG_ENABLE_OBJC_WEAK = YES;
				CLANG_WARN_BLOCK_CAPTURE_AUTORELEASING = YES;
				CLANG_WARN_BOOL_CONVERSION = YES;
				CLANG_WARN_COMMA = YES;
				CLANG_WARN_CONSTANT_CONVERSION = YES;
				CLANG_WARN_DEPRECATED_OBJC_IMPLEMENTATIONS = YES;
				CLANG_WARN_DIRECT_OBJC_ISA_USAGE = YES_ERROR;
				CLANG_WARN_DOCUMENTATION_COMMENTS = YES;
				CLANG_WARN_EMPTY_BODY = YES;
				CLANG_WARN_ENUM_CONVERSION = YES;
				CLANG_WARN_INFINITE_RECURSION = YES;
				CLANG_WARN_INT_CONVERSION = YES;
				CLANG_WARN_NON_LITERAL_NULL_CONVERSION = YES;
				CLANG_WARN_OBJC_IMPLICIT_RETAIN_SELF = YES;
				CLANG_WARN_OBJC_LITERAL_CONVERSION = YES;
				CLANG_WARN_OBJC_ROOT_CLASS = YES_ERROR;
				CLANG_WARN_QUOTED_INCLUDE_IN_FRAMEWORK_HEADER = YES;
				CLANG_WARN_RANGE_LOOP_ANALYSIS = YES;
				CLANG_WARN_STRICT_PROTOTYPES = YES;
				CLANG_WARN_SUSPICIOUS_MOVE = YES;
				CLANG_WARN_UNGUARDED_AVAILABILITY = YES_AGGRESSIVE;
				CLANG_WARN_UNREACHABLE_CODE = YES;
				CLANG_WARN__DUPLICATE_METHOD_MATCH = YES;
				COPY_PHASE_STRIP = NO;
				DEBUG_INFORMATION_FORMAT = dwarf;
				ENABLE_STRICT_OBJC_MSGSEND = YES;
				ENABLE_TESTABILITY = YES;
				GCC_C_LANGUAGE_STANDARD = gnu11;
				GCC_DYNAMIC_NO_PIC = NO;
				GCC_NO_COMMON_BLOCKS = YES;
				GCC_OPTIMIZATION_LEVEL = 0;
				GCC_PREPROCESSOR_DEFINITIONS = (
					"DEBUG=1",
					"$(inherited)",
				);
				GCC_WARN_64_TO_32_BIT_CONVERSION = YES;
				GCC_WARN_ABOUT_RETURN_TYPE = YES_ERROR;
				GCC_WARN_UNDECLARED_SELECTOR = YES;
				GCC_WARN_UNINITIALIZED_AUTOS = YES_AGGRESSIVE;
				GCC_WARN_UNUSED_FUNCTION = YES;
				GCC_WARN_UNUSED_VARIABLE = YES;
				MACOSX_DEPLOYMENT_TARGET = 12.6;
				MTL_ENABLE_DEBUG_INFO = INCLUDE_SOURCE;
				MTL_FAST_MATH = YES;
				ONLY_ACTIVE_ARCH = YES;
				SDKROOT = macosx;
				SWIFT_ACTIVE_COMPILATION_CONDITIONS = DEBUG;
				SWIFT_OPTIMIZATION_LEVEL = "-Onone";
			};
			name = Debug;
		};
		A9396E692A320B96006C8AF9 /* Release */ = {
			isa = XCBuildConfiguration;
			buildSettings = {
				ALWAYS_SEARCH_USER_PATHS = NO;
				CLANG_ANALYZER_NONNULL = YES;
				CLANG_ANALYZER_NUMBER_OBJECT_CONVERSION = YES_AGGRESSIVE;
				CLANG_CXX_LANGUAGE_STANDARD = "gnu++20";
				CLANG_ENABLE_MODULES = YES;
				CLANG_ENABLE_OBJC_ARC = YES;
				CLANG_ENABLE_OBJC_WEAK = YES;
				CLANG_WARN_BLOCK_CAPTURE_AUTORELEASING = YES;
				CLANG_WARN_BOOL_CONVERSION = YES;
				CLANG_WARN_COMMA = YES;
				CLANG_WARN_CONSTANT_CONVERSION = YES;
				CLANG_WARN_DEPRECATED_OBJC_IMPLEMENTATIONS = YES;
				CLANG_WARN_DIRECT_OBJC_ISA_USAGE = YES_ERROR;
				CLANG_WARN_DOCUMENTATION_COMMENTS = YES;
				CLANG_WARN_EMPTY_BODY = YES;
				CLANG_WARN_ENUM_CONVERSION = YES;
				CLANG_WARN_INFINITE_RECURSION = YES;
				CLANG_WARN_INT_CONVERSION = YES;
				CLANG_WARN_NON_LITERAL_NULL_CONVERSION = YES;
				CLANG_WARN_OBJC_IMPLICIT_RETAIN_SELF = YES;
				CLANG_WARN_OBJC_LITERAL_CONVERSION = YES;
				CLANG_WARN_OBJC_ROOT_CLASS = YES_ERROR;
				CLANG_WARN_QUOTED_INCLUDE_IN_FRAMEWORK_HEADER = YES;
				CLANG_WARN_RANGE_LOOP_ANALYSIS = YES;
				CLANG_WARN_STRICT_PROTOTYPES = YES;
				CLANG_WARN_SUSPICIOUS_MOVE = YES;
				CLANG_WARN_UNGUARDED_AVAILABILITY = YES_AGGRESSIVE;
				CLANG_WARN_UNREACHABLE_CODE = YES;
				CLANG_WARN__DUPLICATE_METHOD_MATCH = YES;
				COPY_PHASE_STRIP = NO;
				DEBUG_INFORMATION_FORMAT = "dwarf-with-dsym";
				ENABLE_NS_ASSERTIONS = NO;
				ENABLE_STRICT_OBJC_MSGSEND = YES;
				GCC_C_LANGUAGE_STANDARD = gnu11;
				GCC_NO_COMMON_BLOCKS = YES;
				GCC_WARN_64_TO_32_BIT_CONVERSION = YES;
				GCC_WARN_ABOUT_RETURN_TYPE = YES_ERROR;
				GCC_WARN_UNDECLARED_SELECTOR = YES;
				GCC_WARN_UNINITIALIZED_AUTOS = YES_AGGRESSIVE;
				GCC_WARN_UNUSED_FUNCTION = YES;
				GCC_WARN_UNUSED_VARIABLE = YES;
				MACOSX_DEPLOYMENT_TARGET = 12.6;
				MTL_ENABLE_DEBUG_INFO = NO;
				MTL_FAST_MATH = YES;
				SDKROOT = macosx;
				SWIFT_COMPILATION_MODE = wholemodule;
				SWIFT_OPTIMIZATION_LEVEL = "-O";
			};
			name = Release;
		};
		A958D8FA2A34E359008C913F /* Debug */ = {
			isa = XCBuildConfiguration;
			buildSettings = {
				ASSETCATALOG_COMPILER_APPICON_NAME = AppIcon;
				ASSETCATALOG_COMPILER_GLOBAL_ACCENT_COLOR_NAME = AccentColor;
				CODE_SIGN_STYLE = Automatic;
				CURRENT_PROJECT_VERSION = 1;
				DEVELOPMENT_ASSET_PATHS = "\"Heater/Preview Content\"";
				DEVELOPMENT_TEAM = 8STHWE4QY7;
				ENABLE_PREVIEWS = YES;
				GENERATE_INFOPLIST_FILE = YES;
				INFOPLIST_KEY_UIApplicationSceneManifest_Generation = YES;
				INFOPLIST_KEY_UIApplicationSupportsIndirectInputEvents = YES;
				INFOPLIST_KEY_UILaunchScreen_Generation = YES;
				INFOPLIST_KEY_UISupportedInterfaceOrientations_iPad = "UIInterfaceOrientationPortrait UIInterfaceOrientationPortraitUpsideDown UIInterfaceOrientationLandscapeLeft UIInterfaceOrientationLandscapeRight";
				INFOPLIST_KEY_UISupportedInterfaceOrientations_iPhone = "UIInterfaceOrientationPortrait UIInterfaceOrientationLandscapeLeft UIInterfaceOrientationLandscapeRight";
				IPHONEOS_DEPLOYMENT_TARGET = 16.4;
				LD_RUNPATH_SEARCH_PATHS = (
					"$(inherited)",
					"@executable_path/Frameworks",
				);
				MARKETING_VERSION = 1.0;
				PRODUCT_BUNDLE_IDENTIFIER = io.umurgdk.swiftuibits.Heater;
				PRODUCT_NAME = "$(TARGET_NAME)";
				SDKROOT = iphoneos;
				SWIFT_EMIT_LOC_STRINGS = YES;
				SWIFT_VERSION = 5.0;
				TARGETED_DEVICE_FAMILY = "1,2";
			};
			name = Debug;
		};
		A958D8FB2A34E359008C913F /* Release */ = {
			isa = XCBuildConfiguration;
			buildSettings = {
				ASSETCATALOG_COMPILER_APPICON_NAME = AppIcon;
				ASSETCATALOG_COMPILER_GLOBAL_ACCENT_COLOR_NAME = AccentColor;
				CODE_SIGN_STYLE = Automatic;
				CURRENT_PROJECT_VERSION = 1;
				DEVELOPMENT_ASSET_PATHS = "\"Heater/Preview Content\"";
				DEVELOPMENT_TEAM = 8STHWE4QY7;
				ENABLE_PREVIEWS = YES;
				GENERATE_INFOPLIST_FILE = YES;
				INFOPLIST_KEY_UIApplicationSceneManifest_Generation = YES;
				INFOPLIST_KEY_UIApplicationSupportsIndirectInputEvents = YES;
				INFOPLIST_KEY_UILaunchScreen_Generation = YES;
				INFOPLIST_KEY_UISupportedInterfaceOrientations_iPad = "UIInterfaceOrientationPortrait UIInterfaceOrientationPortraitUpsideDown UIInterfaceOrientationLandscapeLeft UIInterfaceOrientationLandscapeRight";
				INFOPLIST_KEY_UISupportedInterfaceOrientations_iPhone = "UIInterfaceOrientationPortrait UIInterfaceOrientationLandscapeLeft UIInterfaceOrientationLandscapeRight";
				IPHONEOS_DEPLOYMENT_TARGET = 16.4;
				LD_RUNPATH_SEARCH_PATHS = (
					"$(inherited)",
					"@executable_path/Frameworks",
				);
				MARKETING_VERSION = 1.0;
				PRODUCT_BUNDLE_IDENTIFIER = io.umurgdk.swiftuibits.Heater;
				PRODUCT_NAME = "$(TARGET_NAME)";
				SDKROOT = iphoneos;
				SWIFT_EMIT_LOC_STRINGS = YES;
				SWIFT_VERSION = 5.0;
				TARGETED_DEVICE_FAMILY = "1,2";
				VALIDATE_PRODUCT = YES;
			};
			name = Release;
		};
		A958D9122A3500A7008C913F /* Debug */ = {
			isa = XCBuildConfiguration;
			buildSettings = {
				ASSETCATALOG_COMPILER_APPICON_NAME = AppIcon;
				ASSETCATALOG_COMPILER_GLOBAL_ACCENT_COLOR_NAME = AccentColor;
				CODE_SIGN_STYLE = Automatic;
				CURRENT_PROJECT_VERSION = 1;
				DEVELOPMENT_ASSET_PATHS = "\"StepCarousel/Preview Content\"";
				DEVELOPMENT_TEAM = 8STHWE4QY7;
				ENABLE_PREVIEWS = YES;
				GENERATE_INFOPLIST_FILE = YES;
				INFOPLIST_KEY_UIApplicationSceneManifest_Generation = YES;
				INFOPLIST_KEY_UIApplicationSupportsIndirectInputEvents = YES;
				INFOPLIST_KEY_UILaunchScreen_Generation = YES;
				INFOPLIST_KEY_UISupportedInterfaceOrientations = UIInterfaceOrientationLandscapeLeft;
				INFOPLIST_KEY_UISupportedInterfaceOrientations_iPad = "UIInterfaceOrientationLandscapeLeft UIInterfaceOrientationLandscapeRight";
				IPHONEOS_DEPLOYMENT_TARGET = 14.1;
				LD_RUNPATH_SEARCH_PATHS = (
					"$(inherited)",
					"@executable_path/Frameworks",
				);
				MARKETING_VERSION = 1.0;
				PRODUCT_BUNDLE_IDENTIFIER = io.umurgdk.swiftuibits.StepCarousel;
				PRODUCT_NAME = "$(TARGET_NAME)";
				SDKROOT = iphoneos;
				SUPPORTED_PLATFORMS = "iphoneos iphonesimulator";
				SUPPORTS_MACCATALYST = NO;
				SUPPORTS_MAC_DESIGNED_FOR_IPHONE_IPAD = YES;
				SWIFT_EMIT_LOC_STRINGS = YES;
				SWIFT_VERSION = 5.0;
				TARGETED_DEVICE_FAMILY = "1,2";
			};
			name = Debug;
		};
		A958D9132A3500A7008C913F /* Release */ = {
			isa = XCBuildConfiguration;
			buildSettings = {
				ASSETCATALOG_COMPILER_APPICON_NAME = AppIcon;
				ASSETCATALOG_COMPILER_GLOBAL_ACCENT_COLOR_NAME = AccentColor;
				CODE_SIGN_STYLE = Automatic;
				CURRENT_PROJECT_VERSION = 1;
				DEVELOPMENT_ASSET_PATHS = "\"StepCarousel/Preview Content\"";
				DEVELOPMENT_TEAM = 8STHWE4QY7;
				ENABLE_PREVIEWS = YES;
				GENERATE_INFOPLIST_FILE = YES;
				INFOPLIST_KEY_UIApplicationSceneManifest_Generation = YES;
				INFOPLIST_KEY_UIApplicationSupportsIndirectInputEvents = YES;
				INFOPLIST_KEY_UILaunchScreen_Generation = YES;
				INFOPLIST_KEY_UISupportedInterfaceOrientations = UIInterfaceOrientationLandscapeLeft;
				INFOPLIST_KEY_UISupportedInterfaceOrientations_iPad = "UIInterfaceOrientationLandscapeLeft UIInterfaceOrientationLandscapeRight";
				IPHONEOS_DEPLOYMENT_TARGET = 14.1;
				LD_RUNPATH_SEARCH_PATHS = (
					"$(inherited)",
					"@executable_path/Frameworks",
				);
				MARKETING_VERSION = 1.0;
				PRODUCT_BUNDLE_IDENTIFIER = io.umurgdk.swiftuibits.StepCarousel;
				PRODUCT_NAME = "$(TARGET_NAME)";
				SDKROOT = iphoneos;
				SUPPORTED_PLATFORMS = "iphoneos iphonesimulator";
				SUPPORTS_MACCATALYST = NO;
				SUPPORTS_MAC_DESIGNED_FOR_IPHONE_IPAD = YES;
				SWIFT_EMIT_LOC_STRINGS = YES;
				SWIFT_VERSION = 5.0;
				TARGETED_DEVICE_FAMILY = "1,2";
				VALIDATE_PRODUCT = YES;
			};
			name = Release;
		};
		A98DFB842A38ADC1001630D0 /* Debug */ = {
			isa = XCBuildConfiguration;
			buildSettings = {
				ASSETCATALOG_COMPILER_APPICON_NAME = AppIcon;
				ASSETCATALOG_COMPILER_GLOBAL_ACCENT_COLOR_NAME = AccentColor;
				CODE_SIGN_STYLE = Automatic;
				CURRENT_PROJECT_VERSION = 1;
				DEVELOPMENT_ASSET_PATHS = "\"NixieTube/Preview Content\"";
				DEVELOPMENT_TEAM = 8STHWE4QY7;
				ENABLE_PREVIEWS = YES;
				GENERATE_INFOPLIST_FILE = YES;
				INFOPLIST_KEY_UIApplicationSceneManifest_Generation = YES;
				INFOPLIST_KEY_UIApplicationSupportsIndirectInputEvents = YES;
				INFOPLIST_KEY_UILaunchScreen_Generation = YES;
				INFOPLIST_KEY_UISupportedInterfaceOrientations = "UIInterfaceOrientationLandscapeLeft UIInterfaceOrientationLandscapeRight";
				IPHONEOS_DEPLOYMENT_TARGET = 14.1;
				LD_RUNPATH_SEARCH_PATHS = (
					"$(inherited)",
					"@executable_path/Frameworks",
				);
				MARKETING_VERSION = 1.0;
				PRODUCT_BUNDLE_IDENTIFIER = io.umurgdk.swiftuibits.NixieTube;
				PRODUCT_NAME = "$(TARGET_NAME)";
				SDKROOT = iphoneos;
				SWIFT_EMIT_LOC_STRINGS = YES;
				SWIFT_VERSION = 5.0;
				TARGETED_DEVICE_FAMILY = "1,2";
			};
			name = Debug;
		};
		A98DFB852A38ADC1001630D0 /* Release */ = {
			isa = XCBuildConfiguration;
			buildSettings = {
				ASSETCATALOG_COMPILER_APPICON_NAME = AppIcon;
				ASSETCATALOG_COMPILER_GLOBAL_ACCENT_COLOR_NAME = AccentColor;
				CODE_SIGN_STYLE = Automatic;
				CURRENT_PROJECT_VERSION = 1;
				DEVELOPMENT_ASSET_PATHS = "\"NixieTube/Preview Content\"";
				DEVELOPMENT_TEAM = 8STHWE4QY7;
				ENABLE_PREVIEWS = YES;
				GENERATE_INFOPLIST_FILE = YES;
				INFOPLIST_KEY_UIApplicationSceneManifest_Generation = YES;
				INFOPLIST_KEY_UIApplicationSupportsIndirectInputEvents = YES;
				INFOPLIST_KEY_UILaunchScreen_Generation = YES;
				INFOPLIST_KEY_UISupportedInterfaceOrientations = "UIInterfaceOrientationLandscapeLeft UIInterfaceOrientationLandscapeRight";
				IPHONEOS_DEPLOYMENT_TARGET = 14.1;
				LD_RUNPATH_SEARCH_PATHS = (
					"$(inherited)",
					"@executable_path/Frameworks",
				);
				MARKETING_VERSION = 1.0;
				PRODUCT_BUNDLE_IDENTIFIER = io.umurgdk.swiftuibits.NixieTube;
				PRODUCT_NAME = "$(TARGET_NAME)";
				SDKROOT = iphoneos;
				SWIFT_EMIT_LOC_STRINGS = YES;
				SWIFT_VERSION = 5.0;
				TARGETED_DEVICE_FAMILY = "1,2";
				VALIDATE_PRODUCT = YES;
			};
			name = Release;
		};
		A98DFB992A39D109001630D0 /* Debug */ = {
			isa = XCBuildConfiguration;
			buildSettings = {
				ALWAYS_EMBED_SWIFT_STANDARD_LIBRARIES = YES;
				ASSETCATALOG_COMPILER_APPICON_NAME = AppIcon;
				ASSETCATALOG_COMPILER_GLOBAL_ACCENT_COLOR_NAME = AccentColor;
				CODE_SIGN_STYLE = Automatic;
				CURRENT_PROJECT_VERSION = 1;
				DEVELOPMENT_ASSET_PATHS = "\"Vacuum/Preview Content\"";
				DEVELOPMENT_TEAM = 8STHWE4QY7;
				ENABLE_PREVIEWS = YES;
				GENERATE_INFOPLIST_FILE = YES;
				INFOPLIST_KEY_UIApplicationSceneManifest_Generation = YES;
				INFOPLIST_KEY_UIApplicationSupportsIndirectInputEvents = YES;
				INFOPLIST_KEY_UILaunchScreen_Generation = YES;
				INFOPLIST_KEY_UISupportedInterfaceOrientations_iPad = "UIInterfaceOrientationPortrait UIInterfaceOrientationPortraitUpsideDown UIInterfaceOrientationLandscapeLeft UIInterfaceOrientationLandscapeRight";
				INFOPLIST_KEY_UISupportedInterfaceOrientations_iPhone = "UIInterfaceOrientationPortrait UIInterfaceOrientationLandscapeLeft UIInterfaceOrientationLandscapeRight";
				IPHONEOS_DEPLOYMENT_TARGET = 14.0;
				LD_RUNPATH_SEARCH_PATHS = (
					"$(inherited)",
					"@executable_path/Frameworks",
				);
				MARKETING_VERSION = 1.0;
				PRODUCT_BUNDLE_IDENTIFIER = io.umurgdk.swiftuibits.Vacuum;
				PRODUCT_NAME = "$(TARGET_NAME)";
				SDKROOT = iphoneos;
				SUPPORTED_PLATFORMS = "iphoneos iphonesimulator macosx";
				SUPPORTS_MACCATALYST = NO;
				SUPPORTS_MAC_DESIGNED_FOR_IPHONE_IPAD = YES;
				SWIFT_EMIT_LOC_STRINGS = YES;
				SWIFT_OBJC_BRIDGING_HEADER = Vacuum/BridgingHeader.h;
				SWIFT_VERSION = 5.0;
				TARGETED_DEVICE_FAMILY = "1,2";
			};
			name = Debug;
		};
		A98DFB9A2A39D109001630D0 /* Release */ = {
			isa = XCBuildConfiguration;
			buildSettings = {
				ALWAYS_EMBED_SWIFT_STANDARD_LIBRARIES = YES;
				ASSETCATALOG_COMPILER_APPICON_NAME = AppIcon;
				ASSETCATALOG_COMPILER_GLOBAL_ACCENT_COLOR_NAME = AccentColor;
				CODE_SIGN_STYLE = Automatic;
				CURRENT_PROJECT_VERSION = 1;
				DEVELOPMENT_ASSET_PATHS = "\"Vacuum/Preview Content\"";
				DEVELOPMENT_TEAM = 8STHWE4QY7;
				ENABLE_PREVIEWS = YES;
				GENERATE_INFOPLIST_FILE = YES;
				INFOPLIST_KEY_UIApplicationSceneManifest_Generation = YES;
				INFOPLIST_KEY_UIApplicationSupportsIndirectInputEvents = YES;
				INFOPLIST_KEY_UILaunchScreen_Generation = YES;
				INFOPLIST_KEY_UISupportedInterfaceOrientations_iPad = "UIInterfaceOrientationPortrait UIInterfaceOrientationPortraitUpsideDown UIInterfaceOrientationLandscapeLeft UIInterfaceOrientationLandscapeRight";
				INFOPLIST_KEY_UISupportedInterfaceOrientations_iPhone = "UIInterfaceOrientationPortrait UIInterfaceOrientationLandscapeLeft UIInterfaceOrientationLandscapeRight";
				IPHONEOS_DEPLOYMENT_TARGET = 14.0;
				LD_RUNPATH_SEARCH_PATHS = (
					"$(inherited)",
					"@executable_path/Frameworks",
				);
				MARKETING_VERSION = 1.0;
				PRODUCT_BUNDLE_IDENTIFIER = io.umurgdk.swiftuibits.Vacuum;
				PRODUCT_NAME = "$(TARGET_NAME)";
				SDKROOT = iphoneos;
				SUPPORTED_PLATFORMS = "iphoneos iphonesimulator macosx";
				SUPPORTS_MACCATALYST = NO;
				SUPPORTS_MAC_DESIGNED_FOR_IPHONE_IPAD = YES;
				SWIFT_EMIT_LOC_STRINGS = YES;
				SWIFT_OBJC_BRIDGING_HEADER = Vacuum/BridgingHeader.h;
				SWIFT_VERSION = 5.0;
				TARGETED_DEVICE_FAMILY = "1,2";
				VALIDATE_PRODUCT = YES;
			};
			name = Release;
		};
/* End XCBuildConfiguration section */

/* Begin XCConfigurationList section */
		A92497702A3A105300A22B6E /* Build configuration list for PBXNativeTarget "Components" */ = {
			isa = XCConfigurationList;
			buildConfigurations = (
				A92497712A3A105300A22B6E /* Debug */,
				A92497722A3A105300A22B6E /* Release */,
			);
			defaultConfigurationIsVisible = 0;
			defaultConfigurationName = Release;
		};
		A9396E562A320B95006C8AF9 /* Build configuration list for PBXProject "SwiftUIBits" */ = {
			isa = XCConfigurationList;
			buildConfigurations = (
				A9396E682A320B96006C8AF9 /* Debug */,
				A9396E692A320B96006C8AF9 /* Release */,
			);
			defaultConfigurationIsVisible = 0;
			defaultConfigurationName = Release;
		};
		A958D8FC2A34E359008C913F /* Build configuration list for PBXNativeTarget "Heater" */ = {
			isa = XCConfigurationList;
			buildConfigurations = (
				A958D8FA2A34E359008C913F /* Debug */,
				A958D8FB2A34E359008C913F /* Release */,
			);
			defaultConfigurationIsVisible = 0;
			defaultConfigurationName = Release;
		};
		A958D9112A3500A7008C913F /* Build configuration list for PBXNativeTarget "StepCarousel" */ = {
			isa = XCConfigurationList;
			buildConfigurations = (
				A958D9122A3500A7008C913F /* Debug */,
				A958D9132A3500A7008C913F /* Release */,
			);
			defaultConfigurationIsVisible = 0;
			defaultConfigurationName = Release;
		};
		A98DFB862A38ADC1001630D0 /* Build configuration list for PBXNativeTarget "NixieTube" */ = {
			isa = XCConfigurationList;
			buildConfigurations = (
				A98DFB842A38ADC1001630D0 /* Debug */,
				A98DFB852A38ADC1001630D0 /* Release */,
			);
			defaultConfigurationIsVisible = 0;
			defaultConfigurationName = Release;
		};
		A98DFB982A39D109001630D0 /* Build configuration list for PBXNativeTarget "Vacuum" */ = {
			isa = XCConfigurationList;
			buildConfigurations = (
				A98DFB992A39D109001630D0 /* Debug */,
				A98DFB9A2A39D109001630D0 /* Release */,
			);
			defaultConfigurationIsVisible = 0;
			defaultConfigurationName = Release;
		};
/* End XCConfigurationList section */
	};
	rootObject = A9396E532A320B95006C8AF9 /* Project object */;
}
