// !$*UTF8*$!
{
	archiveVersion = 1;
	classes = {
	};
	objectVersion = 56;
	objects = {

/* Begin PBXBuildFile section */
		A958D8F22A34E358008C913F /* HeaterApp.swift in Sources */ = {isa = PBXBuildFile; fileRef = A958D8F12A34E358008C913F /* HeaterApp.swift */; };
		A958D8F42A34E358008C913F /* ContentView.swift in Sources */ = {isa = PBXBuildFile; fileRef = A958D8F32A34E358008C913F /* ContentView.swift */; };
		A958D8F62A34E359008C913F /* Assets.xcassets in Resources */ = {isa = PBXBuildFile; fileRef = A958D8F52A34E359008C913F /* Assets.xcassets */; };
		A958D8F92A34E359008C913F /* Preview Assets.xcassets in Resources */ = {isa = PBXBuildFile; fileRef = A958D8F82A34E359008C913F /* Preview Assets.xcassets */; };
		A958D8FD2A34E505008C913F /* LiquidTube.swift in Sources */ = {isa = PBXBuildFile; fileRef = A9396E6E2A320C0E006C8AF9 /* LiquidTube.swift */; };
		A958D8FE2A34E54A008C913F /* Wave.swift in Sources */ = {isa = PBXBuildFile; fileRef = A9F00D672A32DE0B004831F3 /* Wave.swift */; };
		A958D9012A34E59F008C913F /* Liquid.swift in Sources */ = {isa = PBXBuildFile; fileRef = A958D9002A34E59F008C913F /* Liquid.swift */; };
		A958D9092A3500A5008C913F /* StepCarouselApp.swift in Sources */ = {isa = PBXBuildFile; fileRef = A958D9082A3500A5008C913F /* StepCarouselApp.swift */; };
		A958D90B2A3500A5008C913F /* ContentView.swift in Sources */ = {isa = PBXBuildFile; fileRef = A958D90A2A3500A5008C913F /* ContentView.swift */; };
		A958D90D2A3500A7008C913F /* Assets.xcassets in Resources */ = {isa = PBXBuildFile; fileRef = A958D90C2A3500A7008C913F /* Assets.xcassets */; };
		A958D9102A3500A7008C913F /* Preview Assets.xcassets in Resources */ = {isa = PBXBuildFile; fileRef = A958D90F2A3500A7008C913F /* Preview Assets.xcassets */; };
		A98DFB642A35EE73001630D0 /* ImageLoader.swift in Sources */ = {isa = PBXBuildFile; fileRef = A98DFB632A35EE73001630D0 /* ImageLoader.swift */; };
		A98DFB682A361B20001630D0 /* ReviewBody.swift in Sources */ = {isa = PBXBuildFile; fileRef = A98DFB672A361B20001630D0 /* ReviewBody.swift */; };
		A98DFB6A2A361B31001630D0 /* ReviewCarousel.swift in Sources */ = {isa = PBXBuildFile; fileRef = A98DFB692A361B31001630D0 /* ReviewCarousel.swift */; };
		A98DFB6C2A361B73001630D0 /* ReviewCarouselButtonStyle.swift in Sources */ = {isa = PBXBuildFile; fileRef = A98DFB6B2A361B73001630D0 /* ReviewCarouselButtonStyle.swift */; };
		A98DFB6E2A361C78001630D0 /* ProductCarousel.swift in Sources */ = {isa = PBXBuildFile; fileRef = A98DFB6D2A361C78001630D0 /* ProductCarousel.swift */; };
		A98DFB702A361C9F001630D0 /* ProductCard.swift in Sources */ = {isa = PBXBuildFile; fileRef = A98DFB6F2A361C9F001630D0 /* ProductCard.swift */; };
		A98DFB722A361CF8001630D0 /* Data.swift in Sources */ = {isa = PBXBuildFile; fileRef = A98DFB712A361CF8001630D0 /* Data.swift */; };
		A98DFB742A387193001630D0 /* ProductCarouselTransition.swift in Sources */ = {isa = PBXBuildFile; fileRef = A98DFB732A387193001630D0 /* ProductCarouselTransition.swift */; };
/* End PBXBuildFile section */

/* Begin PBXFileReference section */
		A9396E6E2A320C0E006C8AF9 /* LiquidTube.swift */ = {isa = PBXFileReference; lastKnownFileType = sourcecode.swift; path = LiquidTube.swift; sourceTree = "<group>"; };
		A958D8EF2A34E358008C913F /* Heater.app */ = {isa = PBXFileReference; explicitFileType = wrapper.application; includeInIndex = 0; path = Heater.app; sourceTree = BUILT_PRODUCTS_DIR; };
		A958D8F12A34E358008C913F /* HeaterApp.swift */ = {isa = PBXFileReference; lastKnownFileType = sourcecode.swift; path = HeaterApp.swift; sourceTree = "<group>"; };
		A958D8F32A34E358008C913F /* ContentView.swift */ = {isa = PBXFileReference; lastKnownFileType = sourcecode.swift; path = ContentView.swift; sourceTree = "<group>"; };
		A958D8F52A34E359008C913F /* Assets.xcassets */ = {isa = PBXFileReference; lastKnownFileType = folder.assetcatalog; path = Assets.xcassets; sourceTree = "<group>"; };
		A958D8F82A34E359008C913F /* Preview Assets.xcassets */ = {isa = PBXFileReference; lastKnownFileType = folder.assetcatalog; path = "Preview Assets.xcassets"; sourceTree = "<group>"; };
		A958D9002A34E59F008C913F /* Liquid.swift */ = {isa = PBXFileReference; lastKnownFileType = sourcecode.swift; path = Liquid.swift; sourceTree = "<group>"; };
		A958D9062A3500A5008C913F /* StepCarousel.app */ = {isa = PBXFileReference; explicitFileType = wrapper.application; includeInIndex = 0; path = StepCarousel.app; sourceTree = BUILT_PRODUCTS_DIR; };
		A958D9082A3500A5008C913F /* StepCarouselApp.swift */ = {isa = PBXFileReference; lastKnownFileType = sourcecode.swift; path = StepCarouselApp.swift; sourceTree = "<group>"; };
		A958D90A2A3500A5008C913F /* ContentView.swift */ = {isa = PBXFileReference; lastKnownFileType = sourcecode.swift; path = ContentView.swift; sourceTree = "<group>"; };
		A958D90C2A3500A7008C913F /* Assets.xcassets */ = {isa = PBXFileReference; lastKnownFileType = folder.assetcatalog; path = Assets.xcassets; sourceTree = "<group>"; };
		A958D90F2A3500A7008C913F /* Preview Assets.xcassets */ = {isa = PBXFileReference; lastKnownFileType = folder.assetcatalog; path = "Preview Assets.xcassets"; sourceTree = "<group>"; };
		A98DFB632A35EE73001630D0 /* ImageLoader.swift */ = {isa = PBXFileReference; lastKnownFileType = sourcecode.swift; path = ImageLoader.swift; sourceTree = "<group>"; };
		A98DFB672A361B20001630D0 /* ReviewBody.swift */ = {isa = PBXFileReference; lastKnownFileType = sourcecode.swift; path = ReviewBody.swift; sourceTree = "<group>"; };
		A98DFB692A361B31001630D0 /* ReviewCarousel.swift */ = {isa = PBXFileReference; lastKnownFileType = sourcecode.swift; path = ReviewCarousel.swift; sourceTree = "<group>"; };
		A98DFB6B2A361B73001630D0 /* ReviewCarouselButtonStyle.swift */ = {isa = PBXFileReference; lastKnownFileType = sourcecode.swift; path = ReviewCarouselButtonStyle.swift; sourceTree = "<group>"; };
		A98DFB6D2A361C78001630D0 /* ProductCarousel.swift */ = {isa = PBXFileReference; lastKnownFileType = sourcecode.swift; path = ProductCarousel.swift; sourceTree = "<group>"; };
		A98DFB6F2A361C9F001630D0 /* ProductCard.swift */ = {isa = PBXFileReference; lastKnownFileType = sourcecode.swift; path = ProductCard.swift; sourceTree = "<group>"; };
		A98DFB712A361CF8001630D0 /* Data.swift */ = {isa = PBXFileReference; lastKnownFileType = sourcecode.swift; path = Data.swift; sourceTree = "<group>"; };
		A98DFB732A387193001630D0 /* ProductCarouselTransition.swift */ = {isa = PBXFileReference; lastKnownFileType = sourcecode.swift; path = ProductCarouselTransition.swift; sourceTree = "<group>"; };
		A9F00D672A32DE0B004831F3 /* Wave.swift */ = {isa = PBXFileReference; lastKnownFileType = sourcecode.swift; path = Wave.swift; sourceTree = "<group>"; };
/* End PBXFileReference section */

/* Begin PBXFrameworksBuildPhase section */
		A958D8EC2A34E358008C913F /* Frameworks */ = {
			isa = PBXFrameworksBuildPhase;
			buildActionMask = 2147483647;
			files = (
			);
			runOnlyForDeploymentPostprocessing = 0;
		};
		A958D9032A3500A5008C913F /* Frameworks */ = {
			isa = PBXFrameworksBuildPhase;
			buildActionMask = 2147483647;
			files = (
			);
			runOnlyForDeploymentPostprocessing = 0;
		};
/* End PBXFrameworksBuildPhase section */

/* Begin PBXGroup section */
		A9396E522A320B95006C8AF9 = {
			isa = PBXGroup;
			children = (
				A958D8F02A34E358008C913F /* Heater */,
				A958D9072A3500A5008C913F /* StepCarousel */,
				A9396E5C2A320B95006C8AF9 /* Products */,
			);
			sourceTree = "<group>";
		};
		A9396E5C2A320B95006C8AF9 /* Products */ = {
			isa = PBXGroup;
			children = (
				A958D8EF2A34E358008C913F /* Heater.app */,
				A958D9062A3500A5008C913F /* StepCarousel.app */,
			);
			name = Products;
			sourceTree = "<group>";
		};
		A958D8F02A34E358008C913F /* Heater */ = {
			isa = PBXGroup;
			children = (
				A958D8FF2A34E552008C913F /* Views */,
				A958D8F12A34E358008C913F /* HeaterApp.swift */,
				A958D8F32A34E358008C913F /* ContentView.swift */,
				A958D8F52A34E359008C913F /* Assets.xcassets */,
				A958D8F72A34E359008C913F /* Preview Content */,
			);
			path = Heater;
			sourceTree = "<group>";
		};
		A958D8F72A34E359008C913F /* Preview Content */ = {
			isa = PBXGroup;
			children = (
				A958D8F82A34E359008C913F /* Preview Assets.xcassets */,
			);
			path = "Preview Content";
			sourceTree = "<group>";
		};
		A958D8FF2A34E552008C913F /* Views */ = {
			isa = PBXGroup;
			children = (
				A9F00D672A32DE0B004831F3 /* Wave.swift */,
				A9396E6E2A320C0E006C8AF9 /* LiquidTube.swift */,
				A958D9002A34E59F008C913F /* Liquid.swift */,
			);
			path = Views;
			sourceTree = "<group>";
		};
		A958D9072A3500A5008C913F /* StepCarousel */ = {
			isa = PBXGroup;
			children = (
				A958D9142A3500CA008C913F /* Views */,
				A958D9082A3500A5008C913F /* StepCarouselApp.swift */,
				A958D90A2A3500A5008C913F /* ContentView.swift */,
				A958D90C2A3500A7008C913F /* Assets.xcassets */,
				A958D90E2A3500A7008C913F /* Preview Content */,
				A98DFB632A35EE73001630D0 /* ImageLoader.swift */,
				A98DFB712A361CF8001630D0 /* Data.swift */,
			);
			path = StepCarousel;
			sourceTree = "<group>";
		};
		A958D90E2A3500A7008C913F /* Preview Content */ = {
			isa = PBXGroup;
			children = (
				A958D90F2A3500A7008C913F /* Preview Assets.xcassets */,
			);
			path = "Preview Content";
			sourceTree = "<group>";
		};
		A958D9142A3500CA008C913F /* Views */ = {
			isa = PBXGroup;
			children = (
				A98DFB672A361B20001630D0 /* ReviewBody.swift */,
				A98DFB692A361B31001630D0 /* ReviewCarousel.swift */,
				A98DFB6B2A361B73001630D0 /* ReviewCarouselButtonStyle.swift */,
				A98DFB6D2A361C78001630D0 /* ProductCarousel.swift */,
				A98DFB6F2A361C9F001630D0 /* ProductCard.swift */,
				A98DFB732A387193001630D0 /* ProductCarouselTransition.swift */,
			);
			path = Views;
			sourceTree = "<group>";
		};
/* End PBXGroup section */

/* Begin PBXNativeTarget section */
		A958D8EE2A34E358008C913F /* Heater */ = {
			isa = PBXNativeTarget;
			buildConfigurationList = A958D8FC2A34E359008C913F /* Build configuration list for PBXNativeTarget "Heater" */;
			buildPhases = (
				A958D8EB2A34E358008C913F /* Sources */,
				A958D8EC2A34E358008C913F /* Frameworks */,
				A958D8ED2A34E358008C913F /* Resources */,
			);
			buildRules = (
			);
			dependencies = (
			);
			name = Heater;
			productName = Heater;
			productReference = A958D8EF2A34E358008C913F /* Heater.app */;
			productType = "com.apple.product-type.application";
		};
		A958D9052A3500A5008C913F /* StepCarousel */ = {
			isa = PBXNativeTarget;
			buildConfigurationList = A958D9112A3500A7008C913F /* Build configuration list for PBXNativeTarget "StepCarousel" */;
			buildPhases = (
				A958D9022A3500A5008C913F /* Sources */,
				A958D9032A3500A5008C913F /* Frameworks */,
				A958D9042A3500A5008C913F /* Resources */,
			);
			buildRules = (
			);
			dependencies = (
			);
			name = StepCarousel;
			productName = StepCarousel;
			productReference = A958D9062A3500A5008C913F /* StepCarousel.app */;
			productType = "com.apple.product-type.application";
		};
/* End PBXNativeTarget section */

/* Begin PBXProject section */
		A9396E532A320B95006C8AF9 /* Project object */ = {
			isa = PBXProject;
			attributes = {
				BuildIndependentTargetsInParallel = 1;
				LastSwiftUpdateCheck = 1430;
				LastUpgradeCheck = 1410;
				TargetAttributes = {
					A958D8EE2A34E358008C913F = {
						CreatedOnToolsVersion = 14.3.1;
					};
					A958D9052A3500A5008C913F = {
						CreatedOnToolsVersion = 14.3.1;
					};
				};
			};
			buildConfigurationList = A9396E562A320B95006C8AF9 /* Build configuration list for PBXProject "SwiftUIBits" */;
			compatibilityVersion = "Xcode 14.0";
			developmentRegion = en;
			hasScannedForEncodings = 0;
			knownRegions = (
				en,
				Base,
			);
			mainGroup = A9396E522A320B95006C8AF9;
			productRefGroup = A9396E5C2A320B95006C8AF9 /* Products */;
			projectDirPath = "";
			projectRoot = "";
			targets = (
				A958D8EE2A34E358008C913F /* Heater */,
				A958D9052A3500A5008C913F /* StepCarousel */,
			);
		};
/* End PBXProject section */

/* Begin PBXResourcesBuildPhase section */
		A958D8ED2A34E358008C913F /* Resources */ = {
			isa = PBXResourcesBuildPhase;
			buildActionMask = 2147483647;
			files = (
				A958D8F92A34E359008C913F /* Preview Assets.xcassets in Resources */,
				A958D8F62A34E359008C913F /* Assets.xcassets in Resources */,
			);
			runOnlyForDeploymentPostprocessing = 0;
		};
		A958D9042A3500A5008C913F /* Resources */ = {
			isa = PBXResourcesBuildPhase;
			buildActionMask = 2147483647;
			files = (
				A958D9102A3500A7008C913F /* Preview Assets.xcassets in Resources */,
				A958D90D2A3500A7008C913F /* Assets.xcassets in Resources */,
			);
			runOnlyForDeploymentPostprocessing = 0;
		};
/* End PBXResourcesBuildPhase section */

/* Begin PBXSourcesBuildPhase section */
		A958D8EB2A34E358008C913F /* Sources */ = {
			isa = PBXSourcesBuildPhase;
			buildActionMask = 2147483647;
			files = (
				A958D8FE2A34E54A008C913F /* Wave.swift in Sources */,
				A958D9012A34E59F008C913F /* Liquid.swift in Sources */,
				A958D8FD2A34E505008C913F /* LiquidTube.swift in Sources */,
				A958D8F42A34E358008C913F /* ContentView.swift in Sources */,
				A958D8F22A34E358008C913F /* HeaterApp.swift in Sources */,
			);
			runOnlyForDeploymentPostprocessing = 0;
		};
		A958D9022A3500A5008C913F /* Sources */ = {
			isa = PBXSourcesBuildPhase;
			buildActionMask = 2147483647;
			files = (
				A98DFB722A361CF8001630D0 /* Data.swift in Sources */,
				A958D90B2A3500A5008C913F /* ContentView.swift in Sources */,
				A98DFB742A387193001630D0 /* ProductCarouselTransition.swift in Sources */,
				A98DFB682A361B20001630D0 /* ReviewBody.swift in Sources */,
				A958D9092A3500A5008C913F /* StepCarouselApp.swift in Sources */,
				A98DFB642A35EE73001630D0 /* ImageLoader.swift in Sources */,
				A98DFB702A361C9F001630D0 /* ProductCard.swift in Sources */,
				A98DFB6C2A361B73001630D0 /* ReviewCarouselButtonStyle.swift in Sources */,
				A98DFB6A2A361B31001630D0 /* ReviewCarousel.swift in Sources */,
				A98DFB6E2A361C78001630D0 /* ProductCarousel.swift in Sources */,
			);
			runOnlyForDeploymentPostprocessing = 0;
		};
/* End PBXSourcesBuildPhase section */

/* Begin XCBuildConfiguration section */
		A9396E682A320B96006C8AF9 /* Debug */ = {
			isa = XCBuildConfiguration;
			buildSettings = {
				ALWAYS_SEARCH_USER_PATHS = NO;
				CLANG_ANALYZER_NONNULL = YES;
				CLANG_ANALYZER_NUMBER_OBJECT_CONVERSION = YES_AGGRESSIVE;
				CLANG_CXX_LANGUAGE_STANDARD = "gnu++20";
				CLANG_ENABLE_MODULES = YES;
				CLANG_ENABLE_OBJC_ARC = YES;
				CLANG_ENABLE_OBJC_WEAK = YES;
				CLANG_WARN_BLOCK_CAPTURE_AUTORELEASING = YES;
				CLANG_WARN_BOOL_CONVERSION = YES;
				CLANG_WARN_COMMA = YES;
				CLANG_WARN_CONSTANT_CONVERSION = YES;
				CLANG_WARN_DEPRECATED_OBJC_IMPLEMENTATIONS = YES;
				CLANG_WARN_DIRECT_OBJC_ISA_USAGE = YES_ERROR;
				CLANG_WARN_DOCUMENTATION_COMMENTS = YES;
				CLANG_WARN_EMPTY_BODY = YES;
				CLANG_WARN_ENUM_CONVERSION = YES;
				CLANG_WARN_INFINITE_RECURSION = YES;
				CLANG_WARN_INT_CONVERSION = YES;
				CLANG_WARN_NON_LITERAL_NULL_CONVERSION = YES;
				CLANG_WARN_OBJC_IMPLICIT_RETAIN_SELF = YES;
				CLANG_WARN_OBJC_LITERAL_CONVERSION = YES;
				CLANG_WARN_OBJC_ROOT_CLASS = YES_ERROR;
				CLANG_WARN_QUOTED_INCLUDE_IN_FRAMEWORK_HEADER = YES;
				CLANG_WARN_RANGE_LOOP_ANALYSIS = YES;
				CLANG_WARN_STRICT_PROTOTYPES = YES;
				CLANG_WARN_SUSPICIOUS_MOVE = YES;
				CLANG_WARN_UNGUARDED_AVAILABILITY = YES_AGGRESSIVE;
				CLANG_WARN_UNREACHABLE_CODE = YES;
				CLANG_WARN__DUPLICATE_METHOD_MATCH = YES;
				COPY_PHASE_STRIP = NO;
				DEBUG_INFORMATION_FORMAT = dwarf;
				ENABLE_STRICT_OBJC_MSGSEND = YES;
				ENABLE_TESTABILITY = YES;
				GCC_C_LANGUAGE_STANDARD = gnu11;
				GCC_DYNAMIC_NO_PIC = NO;
				GCC_NO_COMMON_BLOCKS = YES;
				GCC_OPTIMIZATION_LEVEL = 0;
				GCC_PREPROCESSOR_DEFINITIONS = (
					"DEBUG=1",
					"$(inherited)",
				);
				GCC_WARN_64_TO_32_BIT_CONVERSION = YES;
				GCC_WARN_ABOUT_RETURN_TYPE = YES_ERROR;
				GCC_WARN_UNDECLARED_SELECTOR = YES;
				GCC_WARN_UNINITIALIZED_AUTOS = YES_AGGRESSIVE;
				GCC_WARN_UNUSED_FUNCTION = YES;
				GCC_WARN_UNUSED_VARIABLE = YES;
				MACOSX_DEPLOYMENT_TARGET = 12.6;
				MTL_ENABLE_DEBUG_INFO = INCLUDE_SOURCE;
				MTL_FAST_MATH = YES;
				ONLY_ACTIVE_ARCH = YES;
				SDKROOT = macosx;
				SWIFT_ACTIVE_COMPILATION_CONDITIONS = DEBUG;
				SWIFT_OPTIMIZATION_LEVEL = "-Onone";
			};
			name = Debug;
		};
		A9396E692A320B96006C8AF9 /* Release */ = {
			isa = XCBuildConfiguration;
			buildSettings = {
				ALWAYS_SEARCH_USER_PATHS = NO;
				CLANG_ANALYZER_NONNULL = YES;
				CLANG_ANALYZER_NUMBER_OBJECT_CONVERSION = YES_AGGRESSIVE;
				CLANG_CXX_LANGUAGE_STANDARD = "gnu++20";
				CLANG_ENABLE_MODULES = YES;
				CLANG_ENABLE_OBJC_ARC = YES;
				CLANG_ENABLE_OBJC_WEAK = YES;
				CLANG_WARN_BLOCK_CAPTURE_AUTORELEASING = YES;
				CLANG_WARN_BOOL_CONVERSION = YES;
				CLANG_WARN_COMMA = YES;
				CLANG_WARN_CONSTANT_CONVERSION = YES;
				CLANG_WARN_DEPRECATED_OBJC_IMPLEMENTATIONS = YES;
				CLANG_WARN_DIRECT_OBJC_ISA_USAGE = YES_ERROR;
				CLANG_WARN_DOCUMENTATION_COMMENTS = YES;
				CLANG_WARN_EMPTY_BODY = YES;
				CLANG_WARN_ENUM_CONVERSION = YES;
				CLANG_WARN_INFINITE_RECURSION = YES;
				CLANG_WARN_INT_CONVERSION = YES;
				CLANG_WARN_NON_LITERAL_NULL_CONVERSION = YES;
				CLANG_WARN_OBJC_IMPLICIT_RETAIN_SELF = YES;
				CLANG_WARN_OBJC_LITERAL_CONVERSION = YES;
				CLANG_WARN_OBJC_ROOT_CLASS = YES_ERROR;
				CLANG_WARN_QUOTED_INCLUDE_IN_FRAMEWORK_HEADER = YES;
				CLANG_WARN_RANGE_LOOP_ANALYSIS = YES;
				CLANG_WARN_STRICT_PROTOTYPES = YES;
				CLANG_WARN_SUSPICIOUS_MOVE = YES;
				CLANG_WARN_UNGUARDED_AVAILABILITY = YES_AGGRESSIVE;
				CLANG_WARN_UNREACHABLE_CODE = YES;
				CLANG_WARN__DUPLICATE_METHOD_MATCH = YES;
				COPY_PHASE_STRIP = NO;
				DEBUG_INFORMATION_FORMAT = "dwarf-with-dsym";
				ENABLE_NS_ASSERTIONS = NO;
				ENABLE_STRICT_OBJC_MSGSEND = YES;
				GCC_C_LANGUAGE_STANDARD = gnu11;
				GCC_NO_COMMON_BLOCKS = YES;
				GCC_WARN_64_TO_32_BIT_CONVERSION = YES;
				GCC_WARN_ABOUT_RETURN_TYPE = YES_ERROR;
				GCC_WARN_UNDECLARED_SELECTOR = YES;
				GCC_WARN_UNINITIALIZED_AUTOS = YES_AGGRESSIVE;
				GCC_WARN_UNUSED_FUNCTION = YES;
				GCC_WARN_UNUSED_VARIABLE = YES;
				MACOSX_DEPLOYMENT_TARGET = 12.6;
				MTL_ENABLE_DEBUG_INFO = NO;
				MTL_FAST_MATH = YES;
				SDKROOT = macosx;
				SWIFT_COMPILATION_MODE = wholemodule;
				SWIFT_OPTIMIZATION_LEVEL = "-O";
			};
			name = Release;
		};
		A958D8FA2A34E359008C913F /* Debug */ = {
			isa = XCBuildConfiguration;
			buildSettings = {
				ASSETCATALOG_COMPILER_APPICON_NAME = AppIcon;
				ASSETCATALOG_COMPILER_GLOBAL_ACCENT_COLOR_NAME = AccentColor;
				CODE_SIGN_STYLE = Automatic;
				CURRENT_PROJECT_VERSION = 1;
				DEVELOPMENT_ASSET_PATHS = "\"Heater/Preview Content\"";
				DEVELOPMENT_TEAM = 8STHWE4QY7;
				ENABLE_PREVIEWS = YES;
				GENERATE_INFOPLIST_FILE = YES;
				INFOPLIST_KEY_UIApplicationSceneManifest_Generation = YES;
				INFOPLIST_KEY_UIApplicationSupportsIndirectInputEvents = YES;
				INFOPLIST_KEY_UILaunchScreen_Generation = YES;
				INFOPLIST_KEY_UISupportedInterfaceOrientations_iPad = "UIInterfaceOrientationPortrait UIInterfaceOrientationPortraitUpsideDown UIInterfaceOrientationLandscapeLeft UIInterfaceOrientationLandscapeRight";
				INFOPLIST_KEY_UISupportedInterfaceOrientations_iPhone = "UIInterfaceOrientationPortrait UIInterfaceOrientationLandscapeLeft UIInterfaceOrientationLandscapeRight";
				IPHONEOS_DEPLOYMENT_TARGET = 16.4;
				LD_RUNPATH_SEARCH_PATHS = (
					"$(inherited)",
					"@executable_path/Frameworks",
				);
				MARKETING_VERSION = 1.0;
				PRODUCT_BUNDLE_IDENTIFIER = io.umurgdk.swiftuibits.Heater;
				PRODUCT_NAME = "$(TARGET_NAME)";
				SDKROOT = iphoneos;
				SWIFT_EMIT_LOC_STRINGS = YES;
				SWIFT_VERSION = 5.0;
				TARGETED_DEVICE_FAMILY = "1,2";
			};
			name = Debug;
		};
		A958D8FB2A34E359008C913F /* Release */ = {
			isa = XCBuildConfiguration;
			buildSettings = {
				ASSETCATALOG_COMPILER_APPICON_NAME = AppIcon;
				ASSETCATALOG_COMPILER_GLOBAL_ACCENT_COLOR_NAME = AccentColor;
				CODE_SIGN_STYLE = Automatic;
				CURRENT_PROJECT_VERSION = 1;
				DEVELOPMENT_ASSET_PATHS = "\"Heater/Preview Content\"";
				DEVELOPMENT_TEAM = 8STHWE4QY7;
				ENABLE_PREVIEWS = YES;
				GENERATE_INFOPLIST_FILE = YES;
				INFOPLIST_KEY_UIApplicationSceneManifest_Generation = YES;
				INFOPLIST_KEY_UIApplicationSupportsIndirectInputEvents = YES;
				INFOPLIST_KEY_UILaunchScreen_Generation = YES;
				INFOPLIST_KEY_UISupportedInterfaceOrientations_iPad = "UIInterfaceOrientationPortrait UIInterfaceOrientationPortraitUpsideDown UIInterfaceOrientationLandscapeLeft UIInterfaceOrientationLandscapeRight";
				INFOPLIST_KEY_UISupportedInterfaceOrientations_iPhone = "UIInterfaceOrientationPortrait UIInterfaceOrientationLandscapeLeft UIInterfaceOrientationLandscapeRight";
				IPHONEOS_DEPLOYMENT_TARGET = 16.4;
				LD_RUNPATH_SEARCH_PATHS = (
					"$(inherited)",
					"@executable_path/Frameworks",
				);
				MARKETING_VERSION = 1.0;
				PRODUCT_BUNDLE_IDENTIFIER = io.umurgdk.swiftuibits.Heater;
				PRODUCT_NAME = "$(TARGET_NAME)";
				SDKROOT = iphoneos;
				SWIFT_EMIT_LOC_STRINGS = YES;
				SWIFT_VERSION = 5.0;
				TARGETED_DEVICE_FAMILY = "1,2";
				VALIDATE_PRODUCT = YES;
			};
			name = Release;
		};
		A958D9122A3500A7008C913F /* Debug */ = {
			isa = XCBuildConfiguration;
			buildSettings = {
				ASSETCATALOG_COMPILER_APPICON_NAME = AppIcon;
				ASSETCATALOG_COMPILER_GLOBAL_ACCENT_COLOR_NAME = AccentColor;
				CODE_SIGN_STYLE = Automatic;
				CURRENT_PROJECT_VERSION = 1;
				DEVELOPMENT_ASSET_PATHS = "\"StepCarousel/Preview Content\"";
				DEVELOPMENT_TEAM = 8STHWE4QY7;
				ENABLE_PREVIEWS = YES;
				GENERATE_INFOPLIST_FILE = YES;
				INFOPLIST_KEY_UIApplicationSceneManifest_Generation = YES;
				INFOPLIST_KEY_UIApplicationSupportsIndirectInputEvents = YES;
				INFOPLIST_KEY_UILaunchScreen_Generation = YES;
				INFOPLIST_KEY_UISupportedInterfaceOrientations = UIInterfaceOrientationLandscapeLeft;
				INFOPLIST_KEY_UISupportedInterfaceOrientations_iPad = "UIInterfaceOrientationLandscapeLeft UIInterfaceOrientationLandscapeRight";
				IPHONEOS_DEPLOYMENT_TARGET = 14.1;
				LD_RUNPATH_SEARCH_PATHS = (
					"$(inherited)",
					"@executable_path/Frameworks",
				);
				MARKETING_VERSION = 1.0;
				PRODUCT_BUNDLE_IDENTIFIER = io.umurgdk.swiftuibits.StepCarousel;
				PRODUCT_NAME = "$(TARGET_NAME)";
				SDKROOT = iphoneos;
				SUPPORTED_PLATFORMS = "iphoneos iphonesimulator";
				SUPPORTS_MACCATALYST = NO;
				SUPPORTS_MAC_DESIGNED_FOR_IPHONE_IPAD = YES;
				SWIFT_EMIT_LOC_STRINGS = YES;
				SWIFT_VERSION = 5.0;
				TARGETED_DEVICE_FAMILY = "1,2";
			};
			name = Debug;
		};
		A958D9132A3500A7008C913F /* Release */ = {
			isa = XCBuildConfiguration;
			buildSettings = {
				ASSETCATALOG_COMPILER_APPICON_NAME = AppIcon;
				ASSETCATALOG_COMPILER_GLOBAL_ACCENT_COLOR_NAME = AccentColor;
				CODE_SIGN_STYLE = Automatic;
				CURRENT_PROJECT_VERSION = 1;
				DEVELOPMENT_ASSET_PATHS = "\"StepCarousel/Preview Content\"";
				DEVELOPMENT_TEAM = 8STHWE4QY7;
				ENABLE_PREVIEWS = YES;
				GENERATE_INFOPLIST_FILE = YES;
				INFOPLIST_KEY_UIApplicationSceneManifest_Generation = YES;
				INFOPLIST_KEY_UIApplicationSupportsIndirectInputEvents = YES;
				INFOPLIST_KEY_UILaunchScreen_Generation = YES;
				INFOPLIST_KEY_UISupportedInterfaceOrientations = UIInterfaceOrientationLandscapeLeft;
				INFOPLIST_KEY_UISupportedInterfaceOrientations_iPad = "UIInterfaceOrientationLandscapeLeft UIInterfaceOrientationLandscapeRight";
				IPHONEOS_DEPLOYMENT_TARGET = 14.1;
				LD_RUNPATH_SEARCH_PATHS = (
					"$(inherited)",
					"@executable_path/Frameworks",
				);
				MARKETING_VERSION = 1.0;
				PRODUCT_BUNDLE_IDENTIFIER = io.umurgdk.swiftuibits.StepCarousel;
				PRODUCT_NAME = "$(TARGET_NAME)";
				SDKROOT = iphoneos;
				SUPPORTED_PLATFORMS = "iphoneos iphonesimulator";
				SUPPORTS_MACCATALYST = NO;
				SUPPORTS_MAC_DESIGNED_FOR_IPHONE_IPAD = YES;
				SWIFT_EMIT_LOC_STRINGS = YES;
				SWIFT_VERSION = 5.0;
				TARGETED_DEVICE_FAMILY = "1,2";
				VALIDATE_PRODUCT = YES;
			};
			name = Release;
		};
/* End XCBuildConfiguration section */

/* Begin XCConfigurationList section */
		A9396E562A320B95006C8AF9 /* Build configuration list for PBXProject "SwiftUIBits" */ = {
			isa = XCConfigurationList;
			buildConfigurations = (
				A9396E682A320B96006C8AF9 /* Debug */,
				A9396E692A320B96006C8AF9 /* Release */,
			);
			defaultConfigurationIsVisible = 0;
			defaultConfigurationName = Release;
		};
		A958D8FC2A34E359008C913F /* Build configuration list for PBXNativeTarget "Heater" */ = {
			isa = XCConfigurationList;
			buildConfigurations = (
				A958D8FA2A34E359008C913F /* Debug */,
				A958D8FB2A34E359008C913F /* Release */,
			);
			defaultConfigurationIsVisible = 0;
			defaultConfigurationName = Release;
		};
		A958D9112A3500A7008C913F /* Build configuration list for PBXNativeTarget "StepCarousel" */ = {
			isa = XCConfigurationList;
			buildConfigurations = (
				A958D9122A3500A7008C913F /* Debug */,
				A958D9132A3500A7008C913F /* Release */,
			);
			defaultConfigurationIsVisible = 0;
			defaultConfigurationName = Release;
		};
/* End XCConfigurationList section */
	};
	rootObject = A9396E532A320B95006C8AF9 /* Project object */;
}
